// !$*UTF8*$!
{
	archiveVersion = 1;
	classes = {
	};
	objectVersion = 50;
	objects = {

/* Begin PBXBuildFile section */
		6C6372D126F4CFA30063AA85 /* FruitApp.swift in Sources */ = {isa = PBXBuildFile; fileRef = 6C6372D026F4CFA30063AA85 /* FruitApp.swift */; };
		6C6372D326F4CFA30063AA85 /* ContentView.swift in Sources */ = {isa = PBXBuildFile; fileRef = 6C6372D226F4CFA30063AA85 /* ContentView.swift */; };
		6C6372D526F4CFA40063AA85 /* Assets.xcassets in Resources */ = {isa = PBXBuildFile; fileRef = 6C6372D426F4CFA40063AA85 /* Assets.xcassets */; };
		6C6372D826F4CFA40063AA85 /* Preview Assets.xcassets in Resources */ = {isa = PBXBuildFile; fileRef = 6C6372D726F4CFA40063AA85 /* Preview Assets.xcassets */; };
		6C6372E226F4D1900063AA85 /* FruitCardView.swift in Sources */ = {isa = PBXBuildFile; fileRef = 6C6372E126F4D1900063AA85 /* FruitCardView.swift */; };
		6C6372E426F4E2210063AA85 /* StartButtonView.swift in Sources */ = {isa = PBXBuildFile; fileRef = 6C6372E326F4E2210063AA85 /* StartButtonView.swift */; };
		6C6372E626F4E4240063AA85 /* OnBoardingView.swift in Sources */ = {isa = PBXBuildFile; fileRef = 6C6372E526F4E4240063AA85 /* OnBoardingView.swift */; };
		6C6372E926F4E69F0063AA85 /* FruitModel.swift in Sources */ = {isa = PBXBuildFile; fileRef = 6C6372E826F4E69F0063AA85 /* FruitModel.swift */; };
		6C6372EC26F4E6F90063AA85 /* FruitData.swift in Sources */ = {isa = PBXBuildFile; fileRef = 6C6372EB26F4E6F90063AA85 /* FruitData.swift */; };
		6C6372EE26F4EA7F0063AA85 /* FruitRowView.swift in Sources */ = {isa = PBXBuildFile; fileRef = 6C6372ED26F4EA7F0063AA85 /* FruitRowView.swift */; };
		6C6372F226F4ECD20063AA85 /* FruitDetailView.swift in Sources */ = {isa = PBXBuildFile; fileRef = 6C6372F126F4ECD20063AA85 /* FruitDetailView.swift */; };
		6C6372F426F4EE960063AA85 /* FruitHeaderView.swift in Sources */ = {isa = PBXBuildFile; fileRef = 6C6372F326F4EE960063AA85 /* FruitHeaderView.swift */; };
		6C6372F626F4F0A40063AA85 /* SourceLinkView.swift in Sources */ = {isa = PBXBuildFile; fileRef = 6C6372F526F4F0A40063AA85 /* SourceLinkView.swift */; };
		6C6372F826F4F1840063AA85 /* FruitNutrientsView.swift in Sources */ = {isa = PBXBuildFile; fileRef = 6C6372F726F4F1840063AA85 /* FruitNutrientsView.swift */; };
		6C6372FA26F501920063AA85 /* SettingsView.swift in Sources */ = {isa = PBXBuildFile; fileRef = 6C6372F926F501920063AA85 /* SettingsView.swift */; };
		6C6372FC26F5040F0063AA85 /* SettingsLabelView.swift in Sources */ = {isa = PBXBuildFile; fileRef = 6C6372FB26F5040F0063AA85 /* SettingsLabelView.swift */; };
		6C6372FE26F505800063AA85 /* SettingsRowView.swift in Sources */ = {isa = PBXBuildFile; fileRef = 6C6372FD26F505800063AA85 /* SettingsRowView.swift */; };
/* End PBXBuildFile section */

/* Begin PBXFileReference section */
		6C6372CD26F4CFA30063AA85 /* Fruit.app */ = {isa = PBXFileReference; explicitFileType = wrapper.application; includeInIndex = 0; path = Fruit.app; sourceTree = BUILT_PRODUCTS_DIR; };
		6C6372D026F4CFA30063AA85 /* FruitApp.swift */ = {isa = PBXFileReference; lastKnownFileType = sourcecode.swift; path = FruitApp.swift; sourceTree = "<group>"; };
		6C6372D226F4CFA30063AA85 /* ContentView.swift */ = {isa = PBXFileReference; lastKnownFileType = sourcecode.swift; path = ContentView.swift; sourceTree = "<group>"; };
		6C6372D426F4CFA40063AA85 /* Assets.xcassets */ = {isa = PBXFileReference; lastKnownFileType = folder.assetcatalog; path = Assets.xcassets; sourceTree = "<group>"; };
		6C6372D726F4CFA40063AA85 /* Preview Assets.xcassets */ = {isa = PBXFileReference; lastKnownFileType = folder.assetcatalog; path = "Preview Assets.xcassets"; sourceTree = "<group>"; };
		6C6372D926F4CFA40063AA85 /* Info.plist */ = {isa = PBXFileReference; lastKnownFileType = text.plist.xml; path = Info.plist; sourceTree = "<group>"; };
		6C6372E126F4D1900063AA85 /* FruitCardView.swift */ = {isa = PBXFileReference; lastKnownFileType = sourcecode.swift; path = FruitCardView.swift; sourceTree = "<group>"; };
		6C6372E326F4E2210063AA85 /* StartButtonView.swift */ = {isa = PBXFileReference; lastKnownFileType = sourcecode.swift; path = StartButtonView.swift; sourceTree = "<group>"; };
		6C6372E526F4E4240063AA85 /* OnBoardingView.swift */ = {isa = PBXFileReference; lastKnownFileType = sourcecode.swift; path = OnBoardingView.swift; sourceTree = "<group>"; };
		6C6372E826F4E69F0063AA85 /* FruitModel.swift */ = {isa = PBXFileReference; lastKnownFileType = sourcecode.swift; path = FruitModel.swift; sourceTree = "<group>"; };
		6C6372EB26F4E6F90063AA85 /* FruitData.swift */ = {isa = PBXFileReference; lastKnownFileType = sourcecode.swift; path = FruitData.swift; sourceTree = "<group>"; };
		6C6372ED26F4EA7F0063AA85 /* FruitRowView.swift */ = {isa = PBXFileReference; lastKnownFileType = sourcecode.swift; path = FruitRowView.swift; sourceTree = "<group>"; };
		6C6372F126F4ECD20063AA85 /* FruitDetailView.swift */ = {isa = PBXFileReference; lastKnownFileType = sourcecode.swift; path = FruitDetailView.swift; sourceTree = "<group>"; };
		6C6372F326F4EE960063AA85 /* FruitHeaderView.swift */ = {isa = PBXFileReference; lastKnownFileType = sourcecode.swift; path = FruitHeaderView.swift; sourceTree = "<group>"; };
		6C6372F526F4F0A40063AA85 /* SourceLinkView.swift */ = {isa = PBXFileReference; lastKnownFileType = sourcecode.swift; path = SourceLinkView.swift; sourceTree = "<group>"; };
		6C6372F726F4F1840063AA85 /* FruitNutrientsView.swift */ = {isa = PBXFileReference; lastKnownFileType = sourcecode.swift; path = FruitNutrientsView.swift; sourceTree = "<group>"; };
		6C6372F926F501920063AA85 /* SettingsView.swift */ = {isa = PBXFileReference; lastKnownFileType = sourcecode.swift; name = SettingsView.swift; path = ../View/SettingsView.swift; sourceTree = "<group>"; };
		6C6372FB26F5040F0063AA85 /* SettingsLabelView.swift */ = {isa = PBXFileReference; lastKnownFileType = sourcecode.swift; path = SettingsLabelView.swift; sourceTree = "<group>"; };
		6C6372FD26F505800063AA85 /* SettingsRowView.swift */ = {isa = PBXFileReference; lastKnownFileType = sourcecode.swift; path = SettingsRowView.swift; sourceTree = "<group>"; };
/* End PBXFileReference section */

/* Begin PBXFrameworksBuildPhase section */
		6C6372CA26F4CFA30063AA85 /* Frameworks */ = {
			isa = PBXFrameworksBuildPhase;
			buildActionMask = 2147483647;
			files = (
			);
			runOnlyForDeploymentPostprocessing = 0;
		};
/* End PBXFrameworksBuildPhase section */

/* Begin PBXGroup section */
		6C6372C426F4CFA30063AA85 = {
			isa = PBXGroup;
			children = (
				6C6372CF26F4CFA30063AA85 /* Fruit */,
				6C6372CE26F4CFA30063AA85 /* Products */,
			);
			sourceTree = "<group>";
		};
		6C6372CE26F4CFA30063AA85 /* Products */ = {
			isa = PBXGroup;
			children = (
				6C6372CD26F4CFA30063AA85 /* Fruit.app */,
			);
			name = Products;
			sourceTree = "<group>";
		};
		6C6372CF26F4CFA30063AA85 /* Fruit */ = {
			isa = PBXGroup;
			children = (
				6C6372EA26F4E6E70063AA85 /* Data */,
				6C6372E726F4E6920063AA85 /* Model */,
				6C6372E026F4D1670063AA85 /* View */,
				6C6372DF26F4D1320063AA85 /* App */,
				6C6372D426F4CFA40063AA85 /* Assets.xcassets */,
				6C6372D926F4CFA40063AA85 /* Info.plist */,
				6C6372D626F4CFA40063AA85 /* Preview Content */,
			);
			path = Fruit;
			sourceTree = "<group>";
		};
		6C6372D626F4CFA40063AA85 /* Preview Content */ = {
			isa = PBXGroup;
			children = (
				6C6372D726F4CFA40063AA85 /* Preview Assets.xcassets */,
			);
			path = "Preview Content";
			sourceTree = "<group>";
		};
		6C6372DF26F4D1320063AA85 /* App */ = {
			isa = PBXGroup;
			children = (
				6C6372D026F4CFA30063AA85 /* FruitApp.swift */,
				6C6372D226F4CFA30063AA85 /* ContentView.swift */,
				6C6372E526F4E4240063AA85 /* OnBoardingView.swift */,
				6C6372F126F4ECD20063AA85 /* FruitDetailView.swift */,
				6C6372F926F501920063AA85 /* SettingsView.swift */,
			);
			path = App;
			sourceTree = "<group>";
		};
		6C6372E026F4D1670063AA85 /* View */ = {
			isa = PBXGroup;
			children = (
				6C6372E126F4D1900063AA85 /* FruitCardView.swift */,
				6C6372E326F4E2210063AA85 /* StartButtonView.swift */,
				6C6372ED26F4EA7F0063AA85 /* FruitRowView.swift */,
				6C6372F326F4EE960063AA85 /* FruitHeaderView.swift */,
				6C6372F526F4F0A40063AA85 /* SourceLinkView.swift */,
				6C6372F726F4F1840063AA85 /* FruitNutrientsView.swift */,
				6C6372FB26F5040F0063AA85 /* SettingsLabelView.swift */,
				6C6372FD26F505800063AA85 /* SettingsRowView.swift */,
			);
			path = View;
			sourceTree = "<group>";
		};
		6C6372E726F4E6920063AA85 /* Model */ = {
			isa = PBXGroup;
			children = (
				6C6372E826F4E69F0063AA85 /* FruitModel.swift */,
			);
			path = Model;
			sourceTree = "<group>";
		};
		6C6372EA26F4E6E70063AA85 /* Data */ = {
			isa = PBXGroup;
			children = (
				6C6372EB26F4E6F90063AA85 /* FruitData.swift */,
			);
			path = Data;
			sourceTree = "<group>";
		};
/* End PBXGroup section */

/* Begin PBXNativeTarget section */
		6C6372CC26F4CFA30063AA85 /* Fruit */ = {
			isa = PBXNativeTarget;
			buildConfigurationList = 6C6372DC26F4CFA40063AA85 /* Build configuration list for PBXNativeTarget "Fruit" */;
			buildPhases = (
				6C6372C926F4CFA30063AA85 /* Sources */,
				6C6372CA26F4CFA30063AA85 /* Frameworks */,
				6C6372CB26F4CFA30063AA85 /* Resources */,
			);
			buildRules = (
			);
			dependencies = (
			);
			name = Fruit;
			productName = Fruit;
			productReference = 6C6372CD26F4CFA30063AA85 /* Fruit.app */;
			productType = "com.apple.product-type.application";
		};
/* End PBXNativeTarget section */

/* Begin PBXProject section */
		6C6372C526F4CFA30063AA85 /* Project object */ = {
			isa = PBXProject;
			attributes = {
				LastSwiftUpdateCheck = 1250;
				LastUpgradeCheck = 1250;
				TargetAttributes = {
					6C6372CC26F4CFA30063AA85 = {
						CreatedOnToolsVersion = 12.5.1;
					};
				};
			};
			buildConfigurationList = 6C6372C826F4CFA30063AA85 /* Build configuration list for PBXProject "Fruit" */;
			compatibilityVersion = "Xcode 9.3";
			developmentRegion = en;
			hasScannedForEncodings = 0;
			knownRegions = (
				en,
				Base,
			);
			mainGroup = 6C6372C426F4CFA30063AA85;
			productRefGroup = 6C6372CE26F4CFA30063AA85 /* Products */;
			projectDirPath = "";
			projectRoot = "";
			targets = (
				6C6372CC26F4CFA30063AA85 /* Fruit */,
			);
		};
/* End PBXProject section */

/* Begin PBXResourcesBuildPhase section */
		6C6372CB26F4CFA30063AA85 /* Resources */ = {
			isa = PBXResourcesBuildPhase;
			buildActionMask = 2147483647;
			files = (
				6C6372D826F4CFA40063AA85 /* Preview Assets.xcassets in Resources */,
				6C6372D526F4CFA40063AA85 /* Assets.xcassets in Resources */,
			);
			runOnlyForDeploymentPostprocessing = 0;
		};
/* End PBXResourcesBuildPhase section */

/* Begin PBXSourcesBuildPhase section */
		6C6372C926F4CFA30063AA85 /* Sources */ = {
			isa = PBXSourcesBuildPhase;
			buildActionMask = 2147483647;
			files = (
				6C6372EC26F4E6F90063AA85 /* FruitData.swift in Sources */,
				6C6372F626F4F0A40063AA85 /* SourceLinkView.swift in Sources */,
				6C6372FE26F505800063AA85 /* SettingsRowView.swift in Sources */,
				6C6372E226F4D1900063AA85 /* FruitCardView.swift in Sources */,
				6C6372EE26F4EA7F0063AA85 /* FruitRowView.swift in Sources */,
				6C6372F826F4F1840063AA85 /* FruitNutrientsView.swift in Sources */,
				6C6372E426F4E2210063AA85 /* StartButtonView.swift in Sources */,
				6C6372F226F4ECD20063AA85 /* FruitDetailView.swift in Sources */,
				6C6372D326F4CFA30063AA85 /* ContentView.swift in Sources */,
				6C6372F426F4EE960063AA85 /* FruitHeaderView.swift in Sources */,
				6C6372E626F4E4240063AA85 /* OnBoardingView.swift in Sources */,
				6C6372FC26F5040F0063AA85 /* SettingsLabelView.swift in Sources */,
				6C6372E926F4E69F0063AA85 /* FruitModel.swift in Sources */,
				6C6372D126F4CFA30063AA85 /* FruitApp.swift in Sources */,
				6C6372FA26F501920063AA85 /* SettingsView.swift in Sources */,
			);
			runOnlyForDeploymentPostprocessing = 0;
		};
/* End PBXSourcesBuildPhase section */

/* Begin XCBuildConfiguration section */
		6C6372DA26F4CFA40063AA85 /* Debug */ = {
			isa = XCBuildConfiguration;
			buildSettings = {
				ALWAYS_SEARCH_USER_PATHS = NO;
				CLANG_ANALYZER_NONNULL = YES;
				CLANG_ANALYZER_NUMBER_OBJECT_CONVERSION = YES_AGGRESSIVE;
				CLANG_CXX_LANGUAGE_STANDARD = "gnu++14";
				CLANG_CXX_LIBRARY = "libc++";
				CLANG_ENABLE_MODULES = YES;
				CLANG_ENABLE_OBJC_ARC = YES;
				CLANG_ENABLE_OBJC_WEAK = YES;
				CLANG_WARN_BLOCK_CAPTURE_AUTORELEASING = YES;
				CLANG_WARN_BOOL_CONVERSION = YES;
				CLANG_WARN_COMMA = YES;
				CLANG_WARN_CONSTANT_CONVERSION = YES;
				CLANG_WARN_DEPRECATED_OBJC_IMPLEMENTATIONS = YES;
				CLANG_WARN_DIRECT_OBJC_ISA_USAGE = YES_ERROR;
				CLANG_WARN_DOCUMENTATION_COMMENTS = YES;
				CLANG_WARN_EMPTY_BODY = YES;
				CLANG_WARN_ENUM_CONVERSION = YES;
				CLANG_WARN_INFINITE_RECURSION = YES;
				CLANG_WARN_INT_CONVERSION = YES;
				CLANG_WARN_NON_LITERAL_NULL_CONVERSION = YES;
				CLANG_WARN_OBJC_IMPLICIT_RETAIN_SELF = YES;
				CLANG_WARN_OBJC_LITERAL_CONVERSION = YES;
				CLANG_WARN_OBJC_ROOT_CLASS = YES_ERROR;
				CLANG_WARN_QUOTED_INCLUDE_IN_FRAMEWORK_HEADER = YES;
				CLANG_WARN_RANGE_LOOP_ANALYSIS = YES;
				CLANG_WARN_STRICT_PROTOTYPES = YES;
				CLANG_WARN_SUSPICIOUS_MOVE = YES;
				CLANG_WARN_UNGUARDED_AVAILABILITY = YES_AGGRESSIVE;
				CLANG_WARN_UNREACHABLE_CODE = YES;
				CLANG_WARN__DUPLICATE_METHOD_MATCH = YES;
				COPY_PHASE_STRIP = NO;
				DEBUG_INFORMATION_FORMAT = dwarf;
				ENABLE_STRICT_OBJC_MSGSEND = YES;
				ENABLE_TESTABILITY = YES;
				GCC_C_LANGUAGE_STANDARD = gnu11;
				GCC_DYNAMIC_NO_PIC = NO;
				GCC_NO_COMMON_BLOCKS = YES;
				GCC_OPTIMIZATION_LEVEL = 0;
				GCC_PREPROCESSOR_DEFINITIONS = (
					"DEBUG=1",
					"$(inherited)",
				);
				GCC_WARN_64_TO_32_BIT_CONVERSION = YES;
				GCC_WARN_ABOUT_RETURN_TYPE = YES_ERROR;
				GCC_WARN_UNDECLARED_SELECTOR = YES;
				GCC_WARN_UNINITIALIZED_AUTOS = YES_AGGRESSIVE;
				GCC_WARN_UNUSED_FUNCTION = YES;
				GCC_WARN_UNUSED_VARIABLE = YES;
				IPHONEOS_DEPLOYMENT_TARGET = 14.5;
				MTL_ENABLE_DEBUG_INFO = INCLUDE_SOURCE;
				MTL_FAST_MATH = YES;
				ONLY_ACTIVE_ARCH = YES;
				SDKROOT = iphoneos;
				SWIFT_ACTIVE_COMPILATION_CONDITIONS = DEBUG;
				SWIFT_OPTIMIZATION_LEVEL = "-Onone";
			};
			name = Debug;
		};
		6C6372DB26F4CFA40063AA85 /* Release */ = {
			isa = XCBuildConfiguration;
			buildSettings = {
				ALWAYS_SEARCH_USER_PATHS = NO;
				CLANG_ANALYZER_NONNULL = YES;
				CLANG_ANALYZER_NUMBER_OBJECT_CONVERSION = YES_AGGRESSIVE;
				CLANG_CXX_LANGUAGE_STANDARD = "gnu++14";
				CLANG_CXX_LIBRARY = "libc++";
				CLANG_ENABLE_MODULES = YES;
				CLANG_ENABLE_OBJC_ARC = YES;
				CLANG_ENABLE_OBJC_WEAK = YES;
				CLANG_WARN_BLOCK_CAPTURE_AUTORELEASING = YES;
				CLANG_WARN_BOOL_CONVERSION = YES;
				CLANG_WARN_COMMA = YES;
				CLANG_WARN_CONSTANT_CONVERSION = YES;
				CLANG_WARN_DEPRECATED_OBJC_IMPLEMENTATIONS = YES;
				CLANG_WARN_DIRECT_OBJC_ISA_USAGE = YES_ERROR;
				CLANG_WARN_DOCUMENTATION_COMMENTS = YES;
				CLANG_WARN_EMPTY_BODY = YES;
				CLANG_WARN_ENUM_CONVERSION = YES;
				CLANG_WARN_INFINITE_RECURSION = YES;
				CLANG_WARN_INT_CONVERSION = YES;
				CLANG_WARN_NON_LITERAL_NULL_CONVERSION = YES;
				CLANG_WARN_OBJC_IMPLICIT_RETAIN_SELF = YES;
				CLANG_WARN_OBJC_LITERAL_CONVERSION = YES;
				CLANG_WARN_OBJC_ROOT_CLASS = YES_ERROR;
				CLANG_WARN_QUOTED_INCLUDE_IN_FRAMEWORK_HEADER = YES;
				CLANG_WARN_RANGE_LOOP_ANALYSIS = YES;
				CLANG_WARN_STRICT_PROTOTYPES = YES;
				CLANG_WARN_SUSPICIOUS_MOVE = YES;
				CLANG_WARN_UNGUARDED_AVAILABILITY = YES_AGGRESSIVE;
				CLANG_WARN_UNREACHABLE_CODE = YES;
				CLANG_WARN__DUPLICATE_METHOD_MATCH = YES;
				COPY_PHASE_STRIP = NO;
				DEBUG_INFORMATION_FORMAT = "dwarf-with-dsym";
				ENABLE_NS_ASSERTIONS = NO;
				ENABLE_STRICT_OBJC_MSGSEND = YES;
				GCC_C_LANGUAGE_STANDARD = gnu11;
				GCC_NO_COMMON_BLOCKS = YES;
				GCC_WARN_64_TO_32_BIT_CONVERSION = YES;
				GCC_WARN_ABOUT_RETURN_TYPE = YES_ERROR;
				GCC_WARN_UNDECLARED_SELECTOR = YES;
				GCC_WARN_UNINITIALIZED_AUTOS = YES_AGGRESSIVE;
				GCC_WARN_UNUSED_FUNCTION = YES;
				GCC_WARN_UNUSED_VARIABLE = YES;
				IPHONEOS_DEPLOYMENT_TARGET = 14.5;
				MTL_ENABLE_DEBUG_INFO = NO;
				MTL_FAST_MATH = YES;
				SDKROOT = iphoneos;
				SWIFT_COMPILATION_MODE = wholemodule;
				SWIFT_OPTIMIZATION_LEVEL = "-O";
				VALIDATE_PRODUCT = YES;
			};
			name = Release;
		};
		6C6372DD26F4CFA40063AA85 /* Debug */ = {
			isa = XCBuildConfiguration;
			buildSettings = {
				ASSETCATALOG_COMPILER_APPICON_NAME = AppIcon;
				ASSETCATALOG_COMPILER_GLOBAL_ACCENT_COLOR_NAME = AccentColor;
				CODE_SIGN_STYLE = Automatic;
				DEVELOPMENT_ASSET_PATHS = "\"Fruit/Preview Content\"";
				DEVELOPMENT_TEAM = 35W7TZ9DUM;
				ENABLE_PREVIEWS = YES;
				INFOPLIST_FILE = Fruit/Info.plist;
				IPHONEOS_DEPLOYMENT_TARGET = 14.0;
				LD_RUNPATH_SEARCH_PATHS = (
					"$(inherited)",
					"@executable_path/Frameworks",
				);
				PRODUCT_BUNDLE_IDENTIFIER = com.paigeshin.Fruit;
				PRODUCT_NAME = "$(TARGET_NAME)";
				SWIFT_VERSION = 5.0;
				TARGETED_DEVICE_FAMILY = "1,2";
			};
			name = Debug;
		};
		6C6372DE26F4CFA40063AA85 /* Release */ = {
			isa = XCBuildConfiguration;
			buildSettings = {
				ASSETCATALOG_COMPILER_APPICON_NAME = AppIcon;
				ASSETCATALOG_COMPILER_GLOBAL_ACCENT_COLOR_NAME = AccentColor;
				CODE_SIGN_STYLE = Automatic;
				DEVELOPMENT_ASSET_PATHS = "\"Fruit/Preview Content\"";
				DEVELOPMENT_TEAM = 35W7TZ9DUM;
				ENABLE_PREVIEWS = YES;
				INFOPLIST_FILE = Fruit/Info.plist;
				IPHONEOS_DEPLOYMENT_TARGET = 14.0;
				LD_RUNPATH_SEARCH_PATHS = (
					"$(inherited)",
					"@executable_path/Frameworks",
				);
				PRODUCT_BUNDLE_IDENTIFIER = com.paigeshin.Fruit;
				PRODUCT_NAME = "$(TARGET_NAME)";
				SWIFT_VERSION = 5.0;
				TARGETED_DEVICE_FAMILY = "1,2";
			};
			name = Release;
		};
/* End XCBuildConfiguration section */

/* Begin XCConfigurationList section */
		6C6372C826F4CFA30063AA85 /* Build configuration list for PBXProject "Fruit" */ = {
			isa = XCConfigurationList;
			buildConfigurations = (
				6C6372DA26F4CFA40063AA85 /* Debug */,
				6C6372DB26F4CFA40063AA85 /* Release */,
			);
			defaultConfigurationIsVisible = 0;
			defaultConfigurationName = Release;
		};
		6C6372DC26F4CFA40063AA85 /* Build configuration list for PBXNativeTarget "Fruit" */ = {
			isa = XCConfigurationList;
			buildConfigurations = (
				6C6372DD26F4CFA40063AA85 /* Debug */,
				6C6372DE26F4CFA40063AA85 /* Release */,
			);
			defaultConfigurationIsVisible = 0;
			defaultConfigurationName = Release;
		};
/* End XCConfigurationList section */
	};
	rootObject = 6C6372C526F4CFA30063AA85 /* Project object */;
}
