// !$*UTF8*$!
{
	archiveVersion = 1;
	classes = {
	};
	objectVersion = 50;
	objects = {

/* Begin PBXBuildFile section */
		6C85B2FB26F9F579003ECBD8 /* SlotMachineApp.swift in Sources */ = {isa = PBXBuildFile; fileRef = 6C85B2FA26F9F579003ECBD8 /* SlotMachineApp.swift */; };
		6C85B2FD26F9F579003ECBD8 /* ContentView.swift in Sources */ = {isa = PBXBuildFile; fileRef = 6C85B2FC26F9F579003ECBD8 /* ContentView.swift */; };
		6C85B2FF26F9F57B003ECBD8 /* Assets.xcassets in Resources */ = {isa = PBXBuildFile; fileRef = 6C85B2FE26F9F57B003ECBD8 /* Assets.xcassets */; };
		6C85B30226F9F57B003ECBD8 /* Preview Assets.xcassets in Resources */ = {isa = PBXBuildFile; fileRef = 6C85B30126F9F57B003ECBD8 /* Preview Assets.xcassets */; };
		6C85B30D26F9F6B8003ECBD8 /* LogoView.swift in Sources */ = {isa = PBXBuildFile; fileRef = 6C85B30C26F9F6B8003ECBD8 /* LogoView.swift */; };
		6C85B30F26FA0226003ECBD8 /* Modifiers.swift in Sources */ = {isa = PBXBuildFile; fileRef = 6C85B30E26FA0226003ECBD8 /* Modifiers.swift */; };
		6C85B31126FA0406003ECBD8 /* Extensions.swift in Sources */ = {isa = PBXBuildFile; fileRef = 6C85B31026FA0406003ECBD8 /* Extensions.swift */; };
		6C85B31526FA059C003ECBD8 /* ReelView.swift in Sources */ = {isa = PBXBuildFile; fileRef = 6C85B31426FA059C003ECBD8 /* ReelView.swift */; };
		6C85B31726FA09B9003ECBD8 /* InfoView.swift in Sources */ = {isa = PBXBuildFile; fileRef = 6C85B31626FA09B9003ECBD8 /* InfoView.swift */; };
		6C85B31926FA1A83003ECBD8 /* PlaySound.swift in Sources */ = {isa = PBXBuildFile; fileRef = 6C85B31826FA1A83003ECBD8 /* PlaySound.swift */; };
		6C85B32226FA1B10003ECBD8 /* win.mp3 in Resources */ = {isa = PBXBuildFile; fileRef = 6C85B31A26FA1B10003ECBD8 /* win.mp3 */; };
		6C85B32326FA1B10003ECBD8 /* chimeup.mp3 in Resources */ = {isa = PBXBuildFile; fileRef = 6C85B31B26FA1B10003ECBD8 /* chimeup.mp3 */; };
		6C85B32426FA1B10003ECBD8 /* spin.mp3 in Resources */ = {isa = PBXBuildFile; fileRef = 6C85B31C26FA1B10003ECBD8 /* spin.mp3 */; };
		6C85B32526FA1B10003ECBD8 /* background-music.mp3 in Resources */ = {isa = PBXBuildFile; fileRef = 6C85B31D26FA1B10003ECBD8 /* background-music.mp3 */; };
		6C85B32626FA1B10003ECBD8 /* high-score.mp3 in Resources */ = {isa = PBXBuildFile; fileRef = 6C85B31E26FA1B10003ECBD8 /* high-score.mp3 */; };
		6C85B32726FA1B10003ECBD8 /* game-over.mp3 in Resources */ = {isa = PBXBuildFile; fileRef = 6C85B31F26FA1B10003ECBD8 /* game-over.mp3 */; };
		6C85B32826FA1B10003ECBD8 /* casino-chips.mp3 in Resources */ = {isa = PBXBuildFile; fileRef = 6C85B32026FA1B10003ECBD8 /* casino-chips.mp3 */; };
		6C85B32926FA1B10003ECBD8 /* riseup.mp3 in Resources */ = {isa = PBXBuildFile; fileRef = 6C85B32126FA1B10003ECBD8 /* riseup.mp3 */; };
		6C85B33026FA1D48003ECBD8 /* Stickers.xcassets in Resources */ = {isa = PBXBuildFile; fileRef = 6C85B32F26FA1D48003ECBD8 /* Stickers.xcassets */; };
		6C85B33426FA1D48003ECBD8 /* stickers.appex in Embed App Extensions */ = {isa = PBXBuildFile; fileRef = 6C85B32D26FA1D47003ECBD8 /* stickers.appex */; platformFilter = ios; settings = {ATTRIBUTES = (RemoveHeadersOnCopy, ); }; };
/* End PBXBuildFile section */

/* Begin PBXContainerItemProxy section */
		6C85B33226FA1D48003ECBD8 /* PBXContainerItemProxy */ = {
			isa = PBXContainerItemProxy;
			containerPortal = 6C85B2EF26F9F579003ECBD8 /* Project object */;
			proxyType = 1;
			remoteGlobalIDString = 6C85B32C26FA1D47003ECBD8;
			remoteInfo = stickers;
		};
/* End PBXContainerItemProxy section */

/* Begin PBXCopyFilesBuildPhase section */
		6C85B33826FA1D48003ECBD8 /* Embed App Extensions */ = {
			isa = PBXCopyFilesBuildPhase;
			buildActionMask = 2147483647;
			dstPath = "";
			dstSubfolderSpec = 13;
			files = (
				6C85B33426FA1D48003ECBD8 /* stickers.appex in Embed App Extensions */,
			);
			name = "Embed App Extensions";
			runOnlyForDeploymentPostprocessing = 0;
		};
/* End PBXCopyFilesBuildPhase section */

/* Begin PBXFileReference section */
		6C85B2F726F9F579003ECBD8 /* SlotMachine.app */ = {isa = PBXFileReference; explicitFileType = wrapper.application; includeInIndex = 0; path = SlotMachine.app; sourceTree = BUILT_PRODUCTS_DIR; };
		6C85B2FA26F9F579003ECBD8 /* SlotMachineApp.swift */ = {isa = PBXFileReference; lastKnownFileType = sourcecode.swift; path = SlotMachineApp.swift; sourceTree = "<group>"; };
		6C85B2FC26F9F579003ECBD8 /* ContentView.swift */ = {isa = PBXFileReference; lastKnownFileType = sourcecode.swift; path = ContentView.swift; sourceTree = "<group>"; };
		6C85B2FE26F9F57B003ECBD8 /* Assets.xcassets */ = {isa = PBXFileReference; lastKnownFileType = folder.assetcatalog; path = Assets.xcassets; sourceTree = "<group>"; };
		6C85B30126F9F57B003ECBD8 /* Preview Assets.xcassets */ = {isa = PBXFileReference; lastKnownFileType = folder.assetcatalog; path = "Preview Assets.xcassets"; sourceTree = "<group>"; };
		6C85B30326F9F57B003ECBD8 /* Info.plist */ = {isa = PBXFileReference; lastKnownFileType = text.plist.xml; path = Info.plist; sourceTree = "<group>"; };
		6C85B30C26F9F6B8003ECBD8 /* LogoView.swift */ = {isa = PBXFileReference; lastKnownFileType = sourcecode.swift; path = LogoView.swift; sourceTree = "<group>"; };
		6C85B30E26FA0226003ECBD8 /* Modifiers.swift */ = {isa = PBXFileReference; lastKnownFileType = sourcecode.swift; path = Modifiers.swift; sourceTree = "<group>"; };
		6C85B31026FA0406003ECBD8 /* Extensions.swift */ = {isa = PBXFileReference; lastKnownFileType = sourcecode.swift; path = Extensions.swift; sourceTree = "<group>"; };
		6C85B31426FA059C003ECBD8 /* ReelView.swift */ = {isa = PBXFileReference; lastKnownFileType = sourcecode.swift; path = ReelView.swift; sourceTree = "<group>"; };
		6C85B31626FA09B9003ECBD8 /* InfoView.swift */ = {isa = PBXFileReference; lastKnownFileType = sourcecode.swift; path = InfoView.swift; sourceTree = "<group>"; };
		6C85B31826FA1A83003ECBD8 /* PlaySound.swift */ = {isa = PBXFileReference; lastKnownFileType = sourcecode.swift; path = PlaySound.swift; sourceTree = "<group>"; };
		6C85B31A26FA1B10003ECBD8 /* win.mp3 */ = {isa = PBXFileReference; lastKnownFileType = audio.mp3; name = win.mp3; path = "../../../Slot-ref/Completed/Slot Machine/Slot Machine/Sounds/win.mp3"; sourceTree = "<group>"; };
		6C85B31B26FA1B10003ECBD8 /* chimeup.mp3 */ = {isa = PBXFileReference; lastKnownFileType = audio.mp3; name = chimeup.mp3; path = "../../../Slot-ref/Completed/Slot Machine/Slot Machine/Sounds/chimeup.mp3"; sourceTree = "<group>"; };
		6C85B31C26FA1B10003ECBD8 /* spin.mp3 */ = {isa = PBXFileReference; lastKnownFileType = audio.mp3; name = spin.mp3; path = "../../../Slot-ref/Completed/Slot Machine/Slot Machine/Sounds/spin.mp3"; sourceTree = "<group>"; };
		6C85B31D26FA1B10003ECBD8 /* background-music.mp3 */ = {isa = PBXFileReference; lastKnownFileType = audio.mp3; name = "background-music.mp3"; path = "../../../Slot-ref/Completed/Slot Machine/Slot Machine/Sounds/background-music.mp3"; sourceTree = "<group>"; };
		6C85B31E26FA1B10003ECBD8 /* high-score.mp3 */ = {isa = PBXFileReference; lastKnownFileType = audio.mp3; name = "high-score.mp3"; path = "../../../Slot-ref/Completed/Slot Machine/Slot Machine/Sounds/high-score.mp3"; sourceTree = "<group>"; };
		6C85B31F26FA1B10003ECBD8 /* game-over.mp3 */ = {isa = PBXFileReference; lastKnownFileType = audio.mp3; name = "game-over.mp3"; path = "../../../Slot-ref/Completed/Slot Machine/Slot Machine/Sounds/game-over.mp3"; sourceTree = "<group>"; };
		6C85B32026FA1B10003ECBD8 /* casino-chips.mp3 */ = {isa = PBXFileReference; lastKnownFileType = audio.mp3; name = "casino-chips.mp3"; path = "../../../Slot-ref/Completed/Slot Machine/Slot Machine/Sounds/casino-chips.mp3"; sourceTree = "<group>"; };
		6C85B32126FA1B10003ECBD8 /* riseup.mp3 */ = {isa = PBXFileReference; lastKnownFileType = audio.mp3; name = riseup.mp3; path = "../../../Slot-ref/Completed/Slot Machine/Slot Machine/Sounds/riseup.mp3"; sourceTree = "<group>"; };
		6C85B32A26FA1CBB003ECBD8 /* SlotMachine.entitlements */ = {isa = PBXFileReference; lastKnownFileType = text.plist.entitlements; path = SlotMachine.entitlements; sourceTree = "<group>"; };
		6C85B32D26FA1D47003ECBD8 /* stickers.appex */ = {isa = PBXFileReference; explicitFileType = "wrapper.app-extension"; includeInIndex = 0; path = stickers.appex; sourceTree = BUILT_PRODUCTS_DIR; };
		6C85B32F26FA1D48003ECBD8 /* Stickers.xcassets */ = {isa = PBXFileReference; lastKnownFileType = folder.assetcatalog; path = Stickers.xcassets; sourceTree = "<group>"; };
		6C85B33126FA1D48003ECBD8 /* Info.plist */ = {isa = PBXFileReference; lastKnownFileType = text.plist.xml; path = Info.plist; sourceTree = "<group>"; };
/* End PBXFileReference section */

/* Begin PBXFrameworksBuildPhase section */
		6C85B2F426F9F579003ECBD8 /* Frameworks */ = {
			isa = PBXFrameworksBuildPhase;
			buildActionMask = 2147483647;
			files = (
			);
			runOnlyForDeploymentPostprocessing = 0;
		};
/* End PBXFrameworksBuildPhase section */

/* Begin PBXGroup section */
		6C85B2EE26F9F579003ECBD8 = {
			isa = PBXGroup;
			children = (
				6C85B2F926F9F579003ECBD8 /* SlotMachine */,
				6C85B32E26FA1D47003ECBD8 /* stickers */,
				6C85B2F826F9F579003ECBD8 /* Products */,
			);
			sourceTree = "<group>";
		};
		6C85B2F826F9F579003ECBD8 /* Products */ = {
			isa = PBXGroup;
			children = (
				6C85B2F726F9F579003ECBD8 /* SlotMachine.app */,
				6C85B32D26FA1D47003ECBD8 /* stickers.appex */,
			);
			name = Products;
			sourceTree = "<group>";
		};
		6C85B2F926F9F579003ECBD8 /* SlotMachine */ = {
			isa = PBXGroup;
			children = (
				6C85B32A26FA1CBB003ECBD8 /* SlotMachine.entitlements */,
				6C85B30B26F9F5D8003ECBD8 /* Sounds */,
				6C85B30A26F9F5CE003ECBD8 /* Helpers */,
				6C85B30926F9F5C2003ECBD8 /* Views */,
				6C85B2FA26F9F579003ECBD8 /* SlotMachineApp.swift */,
				6C85B2FE26F9F57B003ECBD8 /* Assets.xcassets */,
				6C85B30326F9F57B003ECBD8 /* Info.plist */,
				6C85B30026F9F57B003ECBD8 /* Preview Content */,
			);
			path = SlotMachine;
			sourceTree = "<group>";
		};
		6C85B30026F9F57B003ECBD8 /* Preview Content */ = {
			isa = PBXGroup;
			children = (
				6C85B30126F9F57B003ECBD8 /* Preview Assets.xcassets */,
			);
			path = "Preview Content";
			sourceTree = "<group>";
		};
		6C85B30926F9F5C2003ECBD8 /* Views */ = {
			isa = PBXGroup;
			children = (
				6C85B2FC26F9F579003ECBD8 /* ContentView.swift */,
				6C85B30C26F9F6B8003ECBD8 /* LogoView.swift */,
				6C85B31426FA059C003ECBD8 /* ReelView.swift */,
				6C85B31626FA09B9003ECBD8 /* InfoView.swift */,
			);
			path = Views;
			sourceTree = "<group>";
		};
		6C85B30A26F9F5CE003ECBD8 /* Helpers */ = {
			isa = PBXGroup;
			children = (
				6C85B30E26FA0226003ECBD8 /* Modifiers.swift */,
				6C85B31026FA0406003ECBD8 /* Extensions.swift */,
				6C85B31826FA1A83003ECBD8 /* PlaySound.swift */,
			);
			path = Helpers;
			sourceTree = "<group>";
		};
		6C85B30B26F9F5D8003ECBD8 /* Sounds */ = {
			isa = PBXGroup;
			children = (
				6C85B31D26FA1B10003ECBD8 /* background-music.mp3 */,
				6C85B32026FA1B10003ECBD8 /* casino-chips.mp3 */,
				6C85B31B26FA1B10003ECBD8 /* chimeup.mp3 */,
				6C85B31F26FA1B10003ECBD8 /* game-over.mp3 */,
				6C85B31E26FA1B10003ECBD8 /* high-score.mp3 */,
				6C85B32126FA1B10003ECBD8 /* riseup.mp3 */,
				6C85B31C26FA1B10003ECBD8 /* spin.mp3 */,
				6C85B31A26FA1B10003ECBD8 /* win.mp3 */,
			);
			path = Sounds;
			sourceTree = "<group>";
		};
		6C85B32E26FA1D47003ECBD8 /* stickers */ = {
			isa = PBXGroup;
			children = (
				6C85B32F26FA1D48003ECBD8 /* Stickers.xcassets */,
				6C85B33126FA1D48003ECBD8 /* Info.plist */,
			);
			path = stickers;
			sourceTree = "<group>";
		};
/* End PBXGroup section */

/* Begin PBXNativeTarget section */
		6C85B2F626F9F579003ECBD8 /* SlotMachine */ = {
			isa = PBXNativeTarget;
			buildConfigurationList = 6C85B30626F9F57B003ECBD8 /* Build configuration list for PBXNativeTarget "SlotMachine" */;
			buildPhases = (
				6C85B2F326F9F579003ECBD8 /* Sources */,
				6C85B2F426F9F579003ECBD8 /* Frameworks */,
				6C85B2F526F9F579003ECBD8 /* Resources */,
				6C85B33826FA1D48003ECBD8 /* Embed App Extensions */,
			);
			buildRules = (
			);
			dependencies = (
				6C85B33326FA1D48003ECBD8 /* PBXTargetDependency */,
			);
			name = SlotMachine;
			productName = SlotMachine;
			productReference = 6C85B2F726F9F579003ECBD8 /* SlotMachine.app */;
			productType = "com.apple.product-type.application";
		};
		6C85B32C26FA1D47003ECBD8 /* stickers */ = {
			isa = PBXNativeTarget;
			buildConfigurationList = 6C85B33526FA1D48003ECBD8 /* Build configuration list for PBXNativeTarget "stickers" */;
			buildPhases = (
				6C85B32B26FA1D47003ECBD8 /* Resources */,
			);
			buildRules = (
			);
			dependencies = (
			);
			name = stickers;
			productName = stickers;
			productReference = 6C85B32D26FA1D47003ECBD8 /* stickers.appex */;
			productType = "com.apple.product-type.app-extension.messages-sticker-pack";
		};
/* End PBXNativeTarget section */

/* Begin PBXProject section */
		6C85B2EF26F9F579003ECBD8 /* Project object */ = {
			isa = PBXProject;
			attributes = {
				LastSwiftUpdateCheck = 1250;
				LastUpgradeCheck = 1250;
				TargetAttributes = {
					6C85B2F626F9F579003ECBD8 = {
						CreatedOnToolsVersion = 12.5.1;
					};
					6C85B32C26FA1D47003ECBD8 = {
						CreatedOnToolsVersion = 12.5.1;
					};
				};
			};
			buildConfigurationList = 6C85B2F226F9F579003ECBD8 /* Build configuration list for PBXProject "SlotMachine" */;
			compatibilityVersion = "Xcode 9.3";
			developmentRegion = en;
			hasScannedForEncodings = 0;
			knownRegions = (
				en,
				Base,
			);
			mainGroup = 6C85B2EE26F9F579003ECBD8;
			productRefGroup = 6C85B2F826F9F579003ECBD8 /* Products */;
			projectDirPath = "";
			projectRoot = "";
			targets = (
				6C85B2F626F9F579003ECBD8 /* SlotMachine */,
				6C85B32C26FA1D47003ECBD8 /* stickers */,
			);
		};
/* End PBXProject section */

/* Begin PBXResourcesBuildPhase section */
		6C85B2F526F9F579003ECBD8 /* Resources */ = {
			isa = PBXResourcesBuildPhase;
			buildActionMask = 2147483647;
			files = (
				6C85B32626FA1B10003ECBD8 /* high-score.mp3 in Resources */,
				6C85B32326FA1B10003ECBD8 /* chimeup.mp3 in Resources */,
				6C85B32826FA1B10003ECBD8 /* casino-chips.mp3 in Resources */,
				6C85B32426FA1B10003ECBD8 /* spin.mp3 in Resources */,
				6C85B32226FA1B10003ECBD8 /* win.mp3 in Resources */,
				6C85B30226F9F57B003ECBD8 /* Preview Assets.xcassets in Resources */,
				6C85B32526FA1B10003ECBD8 /* background-music.mp3 in Resources */,
				6C85B32726FA1B10003ECBD8 /* game-over.mp3 in Resources */,
				6C85B32926FA1B10003ECBD8 /* riseup.mp3 in Resources */,
				6C85B2FF26F9F57B003ECBD8 /* Assets.xcassets in Resources */,
			);
			runOnlyForDeploymentPostprocessing = 0;
		};
		6C85B32B26FA1D47003ECBD8 /* Resources */ = {
			isa = PBXResourcesBuildPhase;
			buildActionMask = 2147483647;
			files = (
				6C85B33026FA1D48003ECBD8 /* Stickers.xcassets in Resources */,
			);
			runOnlyForDeploymentPostprocessing = 0;
		};
/* End PBXResourcesBuildPhase section */

/* Begin PBXSourcesBuildPhase section */
		6C85B2F326F9F579003ECBD8 /* Sources */ = {
			isa = PBXSourcesBuildPhase;
			buildActionMask = 2147483647;
			files = (
				6C85B31526FA059C003ECBD8 /* ReelView.swift in Sources */,
				6C85B31926FA1A83003ECBD8 /* PlaySound.swift in Sources */,
				6C85B31126FA0406003ECBD8 /* Extensions.swift in Sources */,
				6C85B30F26FA0226003ECBD8 /* Modifiers.swift in Sources */,
				6C85B2FD26F9F579003ECBD8 /* ContentView.swift in Sources */,
				6C85B30D26F9F6B8003ECBD8 /* LogoView.swift in Sources */,
				6C85B2FB26F9F579003ECBD8 /* SlotMachineApp.swift in Sources */,
				6C85B31726FA09B9003ECBD8 /* InfoView.swift in Sources */,
			);
			runOnlyForDeploymentPostprocessing = 0;
		};
/* End PBXSourcesBuildPhase section */

/* Begin PBXTargetDependency section */
		6C85B33326FA1D48003ECBD8 /* PBXTargetDependency */ = {
			isa = PBXTargetDependency;
			target = 6C85B32C26FA1D47003ECBD8 /* stickers */;
			targetProxy = 6C85B33226FA1D48003ECBD8 /* PBXContainerItemProxy */;
		};
/* End PBXTargetDependency section */

/* Begin XCBuildConfiguration section */
		6C85B30426F9F57B003ECBD8 /* Debug */ = {
			isa = XCBuildConfiguration;
			buildSettings = {
				ALWAYS_SEARCH_USER_PATHS = NO;
				CLANG_ANALYZER_NONNULL = YES;
				CLANG_ANALYZER_NUMBER_OBJECT_CONVERSION = YES_AGGRESSIVE;
				CLANG_CXX_LANGUAGE_STANDARD = "gnu++14";
				CLANG_CXX_LIBRARY = "libc++";
				CLANG_ENABLE_MODULES = YES;
				CLANG_ENABLE_OBJC_ARC = YES;
				CLANG_ENABLE_OBJC_WEAK = YES;
				CLANG_WARN_BLOCK_CAPTURE_AUTORELEASING = YES;
				CLANG_WARN_BOOL_CONVERSION = YES;
				CLANG_WARN_COMMA = YES;
				CLANG_WARN_CONSTANT_CONVERSION = YES;
				CLANG_WARN_DEPRECATED_OBJC_IMPLEMENTATIONS = YES;
				CLANG_WARN_DIRECT_OBJC_ISA_USAGE = YES_ERROR;
				CLANG_WARN_DOCUMENTATION_COMMENTS = YES;
				CLANG_WARN_EMPTY_BODY = YES;
				CLANG_WARN_ENUM_CONVERSION = YES;
				CLANG_WARN_INFINITE_RECURSION = YES;
				CLANG_WARN_INT_CONVERSION = YES;
				CLANG_WARN_NON_LITERAL_NULL_CONVERSION = YES;
				CLANG_WARN_OBJC_IMPLICIT_RETAIN_SELF = YES;
				CLANG_WARN_OBJC_LITERAL_CONVERSION = YES;
				CLANG_WARN_OBJC_ROOT_CLASS = YES_ERROR;
				CLANG_WARN_QUOTED_INCLUDE_IN_FRAMEWORK_HEADER = YES;
				CLANG_WARN_RANGE_LOOP_ANALYSIS = YES;
				CLANG_WARN_STRICT_PROTOTYPES = YES;
				CLANG_WARN_SUSPICIOUS_MOVE = YES;
				CLANG_WARN_UNGUARDED_AVAILABILITY = YES_AGGRESSIVE;
				CLANG_WARN_UNREACHABLE_CODE = YES;
				CLANG_WARN__DUPLICATE_METHOD_MATCH = YES;
				COPY_PHASE_STRIP = NO;
				DEBUG_INFORMATION_FORMAT = dwarf;
				ENABLE_STRICT_OBJC_MSGSEND = YES;
				ENABLE_TESTABILITY = YES;
				GCC_C_LANGUAGE_STANDARD = gnu11;
				GCC_DYNAMIC_NO_PIC = NO;
				GCC_NO_COMMON_BLOCKS = YES;
				GCC_OPTIMIZATION_LEVEL = 0;
				GCC_PREPROCESSOR_DEFINITIONS = (
					"DEBUG=1",
					"$(inherited)",
				);
				GCC_WARN_64_TO_32_BIT_CONVERSION = YES;
				GCC_WARN_ABOUT_RETURN_TYPE = YES_ERROR;
				GCC_WARN_UNDECLARED_SELECTOR = YES;
				GCC_WARN_UNINITIALIZED_AUTOS = YES_AGGRESSIVE;
				GCC_WARN_UNUSED_FUNCTION = YES;
				GCC_WARN_UNUSED_VARIABLE = YES;
				IPHONEOS_DEPLOYMENT_TARGET = 14.5;
				MTL_ENABLE_DEBUG_INFO = INCLUDE_SOURCE;
				MTL_FAST_MATH = YES;
				ONLY_ACTIVE_ARCH = YES;
				SDKROOT = iphoneos;
				SWIFT_ACTIVE_COMPILATION_CONDITIONS = DEBUG;
				SWIFT_OPTIMIZATION_LEVEL = "-Onone";
			};
			name = Debug;
		};
		6C85B30526F9F57B003ECBD8 /* Release */ = {
			isa = XCBuildConfiguration;
			buildSettings = {
				ALWAYS_SEARCH_USER_PATHS = NO;
				CLANG_ANALYZER_NONNULL = YES;
				CLANG_ANALYZER_NUMBER_OBJECT_CONVERSION = YES_AGGRESSIVE;
				CLANG_CXX_LANGUAGE_STANDARD = "gnu++14";
				CLANG_CXX_LIBRARY = "libc++";
				CLANG_ENABLE_MODULES = YES;
				CLANG_ENABLE_OBJC_ARC = YES;
				CLANG_ENABLE_OBJC_WEAK = YES;
				CLANG_WARN_BLOCK_CAPTURE_AUTORELEASING = YES;
				CLANG_WARN_BOOL_CONVERSION = YES;
				CLANG_WARN_COMMA = YES;
				CLANG_WARN_CONSTANT_CONVERSION = YES;
				CLANG_WARN_DEPRECATED_OBJC_IMPLEMENTATIONS = YES;
				CLANG_WARN_DIRECT_OBJC_ISA_USAGE = YES_ERROR;
				CLANG_WARN_DOCUMENTATION_COMMENTS = YES;
				CLANG_WARN_EMPTY_BODY = YES;
				CLANG_WARN_ENUM_CONVERSION = YES;
				CLANG_WARN_INFINITE_RECURSION = YES;
				CLANG_WARN_INT_CONVERSION = YES;
				CLANG_WARN_NON_LITERAL_NULL_CONVERSION = YES;
				CLANG_WARN_OBJC_IMPLICIT_RETAIN_SELF = YES;
				CLANG_WARN_OBJC_LITERAL_CONVERSION = YES;
				CLANG_WARN_OBJC_ROOT_CLASS = YES_ERROR;
				CLANG_WARN_QUOTED_INCLUDE_IN_FRAMEWORK_HEADER = YES;
				CLANG_WARN_RANGE_LOOP_ANALYSIS = YES;
				CLANG_WARN_STRICT_PROTOTYPES = YES;
				CLANG_WARN_SUSPICIOUS_MOVE = YES;
				CLANG_WARN_UNGUARDED_AVAILABILITY = YES_AGGRESSIVE;
				CLANG_WARN_UNREACHABLE_CODE = YES;
				CLANG_WARN__DUPLICATE_METHOD_MATCH = YES;
				COPY_PHASE_STRIP = NO;
				DEBUG_INFORMATION_FORMAT = "dwarf-with-dsym";
				ENABLE_NS_ASSERTIONS = NO;
				ENABLE_STRICT_OBJC_MSGSEND = YES;
				GCC_C_LANGUAGE_STANDARD = gnu11;
				GCC_NO_COMMON_BLOCKS = YES;
				GCC_WARN_64_TO_32_BIT_CONVERSION = YES;
				GCC_WARN_ABOUT_RETURN_TYPE = YES_ERROR;
				GCC_WARN_UNDECLARED_SELECTOR = YES;
				GCC_WARN_UNINITIALIZED_AUTOS = YES_AGGRESSIVE;
				GCC_WARN_UNUSED_FUNCTION = YES;
				GCC_WARN_UNUSED_VARIABLE = YES;
				IPHONEOS_DEPLOYMENT_TARGET = 14.5;
				MTL_ENABLE_DEBUG_INFO = NO;
				MTL_FAST_MATH = YES;
				SDKROOT = iphoneos;
				SWIFT_COMPILATION_MODE = wholemodule;
				SWIFT_OPTIMIZATION_LEVEL = "-O";
				VALIDATE_PRODUCT = YES;
			};
			name = Release;
		};
		6C85B30726F9F57B003ECBD8 /* Debug */ = {
			isa = XCBuildConfiguration;
			buildSettings = {
				ASSETCATALOG_COMPILER_APPICON_NAME = AppIcon;
				ASSETCATALOG_COMPILER_GLOBAL_ACCENT_COLOR_NAME = AccentColor;
				CODE_SIGN_ENTITLEMENTS = SlotMachine/SlotMachine.entitlements;
				CODE_SIGN_STYLE = Automatic;
				DEVELOPMENT_ASSET_PATHS = "\"SlotMachine/Preview Content\"";
				DEVELOPMENT_TEAM = 35W7TZ9DUM;
				ENABLE_PREVIEWS = YES;
				INFOPLIST_FILE = SlotMachine/Info.plist;
				IPHONEOS_DEPLOYMENT_TARGET = 14.0;
				LD_RUNPATH_SEARCH_PATHS = (
					"$(inherited)",
					"@executable_path/Frameworks",
				);
				PRODUCT_BUNDLE_IDENTIFIER = com.paigeshin.SlotMachine;
				PRODUCT_NAME = "$(TARGET_NAME)";
				SUPPORTS_MACCATALYST = YES;
				SWIFT_VERSION = 5.0;
				TARGETED_DEVICE_FAMILY = "1,2";
			};
			name = Debug;
		};
		6C85B30826F9F57B003ECBD8 /* Release */ = {
			isa = XCBuildConfiguration;
			buildSettings = {
				ASSETCATALOG_COMPILER_APPICON_NAME = AppIcon;
				ASSETCATALOG_COMPILER_GLOBAL_ACCENT_COLOR_NAME = AccentColor;
				CODE_SIGN_ENTITLEMENTS = SlotMachine/SlotMachine.entitlements;
				CODE_SIGN_STYLE = Automatic;
				DEVELOPMENT_ASSET_PATHS = "\"SlotMachine/Preview Content\"";
				DEVELOPMENT_TEAM = 35W7TZ9DUM;
				ENABLE_PREVIEWS = YES;
				INFOPLIST_FILE = SlotMachine/Info.plist;
				IPHONEOS_DEPLOYMENT_TARGET = 14.0;
				LD_RUNPATH_SEARCH_PATHS = (
					"$(inherited)",
					"@executable_path/Frameworks",
				);
				PRODUCT_BUNDLE_IDENTIFIER = com.paigeshin.SlotMachine;
				PRODUCT_NAME = "$(TARGET_NAME)";
				SUPPORTS_MACCATALYST = YES;
				SWIFT_VERSION = 5.0;
				TARGETED_DEVICE_FAMILY = "1,2";
			};
			name = Release;
		};
		6C85B33626FA1D48003ECBD8 /* Debug */ = {
			isa = XCBuildConfiguration;
			buildSettings = {
				ASSETCATALOG_COMPILER_APPICON_NAME = "iMessage App Icon";
				CODE_SIGN_STYLE = Automatic;
				DEVELOPMENT_TEAM = 35W7TZ9DUM;
				INFOPLIST_FILE = stickers/Info.plist;
				IPHONEOS_DEPLOYMENT_TARGET = 10.0;
				PRODUCT_BUNDLE_IDENTIFIER = com.paigeshin.SlotMachine.stickers;
				PRODUCT_NAME = "$(TARGET_NAME)";
				SKIP_INSTALL = YES;
				TARGETED_DEVICE_FAMILY = "1,2";
			};
			name = Debug;
		};
		6C85B33726FA1D48003ECBD8 /* Release */ = {
			isa = XCBuildConfiguration;
			buildSettings = {
				ASSETCATALOG_COMPILER_APPICON_NAME = "iMessage App Icon";
				CODE_SIGN_STYLE = Automatic;
				DEVELOPMENT_TEAM = 35W7TZ9DUM;
				INFOPLIST_FILE = stickers/Info.plist;
				IPHONEOS_DEPLOYMENT_TARGET = 10.0;
				PRODUCT_BUNDLE_IDENTIFIER = com.paigeshin.SlotMachine.stickers;
				PRODUCT_NAME = "$(TARGET_NAME)";
				SKIP_INSTALL = YES;
				TARGETED_DEVICE_FAMILY = "1,2";
			};
			name = Release;
		};
/* End XCBuildConfiguration section */

/* Begin XCConfigurationList section */
		6C85B2F226F9F579003ECBD8 /* Build configuration list for PBXProject "SlotMachine" */ = {
			isa = XCConfigurationList;
			buildConfigurations = (
				6C85B30426F9F57B003ECBD8 /* Debug */,
				6C85B30526F9F57B003ECBD8 /* Release */,
			);
			defaultConfigurationIsVisible = 0;
			defaultConfigurationName = Release;
		};
		6C85B30626F9F57B003ECBD8 /* Build configuration list for PBXNativeTarget "SlotMachine" */ = {
			isa = XCConfigurationList;
			buildConfigurations = (
				6C85B30726F9F57B003ECBD8 /* Debug */,
				6C85B30826F9F57B003ECBD8 /* Release */,
			);
			defaultConfigurationIsVisible = 0;
			defaultConfigurationName = Release;
		};
		6C85B33526FA1D48003ECBD8 /* Build configuration list for PBXNativeTarget "stickers" */ = {
			isa = XCConfigurationList;
			buildConfigurations = (
				6C85B33626FA1D48003ECBD8 /* Debug */,
				6C85B33726FA1D48003ECBD8 /* Release */,
			);
			defaultConfigurationIsVisible = 0;
			defaultConfigurationName = Release;
		};
/* End XCConfigurationList section */
	};
	rootObject = 6C85B2EF26F9F579003ECBD8 /* Project object */;
}
