// !$*UTF8*$!
{
	archiveVersion = 1;
	classes = {
	};
	objectVersion = 50;
	objects = {

/* Begin PBXBuildFile section */
		6C85B2A726F9F011003ECBD8 /* AvocadoApp.swift in Sources */ = {isa = PBXBuildFile; fileRef = 6C85B2A626F9F011003ECBD8 /* AvocadoApp.swift */; };
		6C85B2AB26F9F013003ECBD8 /* Assets.xcassets in Resources */ = {isa = PBXBuildFile; fileRef = 6C85B2AA26F9F013003ECBD8 /* Assets.xcassets */; };
		6C85B2AE26F9F013003ECBD8 /* Preview Assets.xcassets in Resources */ = {isa = PBXBuildFile; fileRef = 6C85B2AD26F9F013003ECBD8 /* Preview Assets.xcassets */; };
		6C85B2BC26F9F096003ECBD8 /* RipeningData.swift in Sources */ = {isa = PBXBuildFile; fileRef = 6C85B2B826F9F096003ECBD8 /* RipeningData.swift */; };
		6C85B2BD26F9F096003ECBD8 /* HeaderData.swift in Sources */ = {isa = PBXBuildFile; fileRef = 6C85B2B926F9F096003ECBD8 /* HeaderData.swift */; };
		6C85B2BE26F9F096003ECBD8 /* RecipeData.swift in Sources */ = {isa = PBXBuildFile; fileRef = 6C85B2BA26F9F096003ECBD8 /* RecipeData.swift */; };
		6C85B2BF26F9F096003ECBD8 /* FactData.swift in Sources */ = {isa = PBXBuildFile; fileRef = 6C85B2BB26F9F096003ECBD8 /* FactData.swift */; };
		6C85B2C426F9F0A1003ECBD8 /* HeaderModel.swift in Sources */ = {isa = PBXBuildFile; fileRef = 6C85B2C026F9F0A1003ECBD8 /* HeaderModel.swift */; };
		6C85B2C526F9F0A1003ECBD8 /* FactModel.swift in Sources */ = {isa = PBXBuildFile; fileRef = 6C85B2C126F9F0A1003ECBD8 /* FactModel.swift */; };
		6C85B2C626F9F0A1003ECBD8 /* RipeningModel.swift in Sources */ = {isa = PBXBuildFile; fileRef = 6C85B2C226F9F0A1003ECBD8 /* RipeningModel.swift */; };
		6C85B2C726F9F0A1003ECBD8 /* RecipeModel.swift in Sources */ = {isa = PBXBuildFile; fileRef = 6C85B2C326F9F0A1003ECBD8 /* RecipeModel.swift */; };
		6C85B2E126F9F40D003ECBD8 /* RecipeCardView.swift in Sources */ = {isa = PBXBuildFile; fileRef = 6C85B2D426F9F40C003ECBD8 /* RecipeCardView.swift */; };
		6C85B2E226F9F40D003ECBD8 /* RipeningStagesView.swift in Sources */ = {isa = PBXBuildFile; fileRef = 6C85B2D526F9F40C003ECBD8 /* RipeningStagesView.swift */; };
		6C85B2E326F9F40D003ECBD8 /* FactsView.swift in Sources */ = {isa = PBXBuildFile; fileRef = 6C85B2D626F9F40C003ECBD8 /* FactsView.swift */; };
		6C85B2E426F9F40D003ECBD8 /* RecipeDetailView.swift in Sources */ = {isa = PBXBuildFile; fileRef = 6C85B2D726F9F40C003ECBD8 /* RecipeDetailView.swift */; };
		6C85B2E526F9F40D003ECBD8 /* SettingsView.swift in Sources */ = {isa = PBXBuildFile; fileRef = 6C85B2D826F9F40C003ECBD8 /* SettingsView.swift */; };
		6C85B2E626F9F40D003ECBD8 /* DishesView.swift in Sources */ = {isa = PBXBuildFile; fileRef = 6C85B2D926F9F40D003ECBD8 /* DishesView.swift */; };
		6C85B2E726F9F40D003ECBD8 /* RipeningView.swift in Sources */ = {isa = PBXBuildFile; fileRef = 6C85B2DA26F9F40D003ECBD8 /* RipeningView.swift */; };
		6C85B2E826F9F40D003ECBD8 /* RecipeCookingView.swift in Sources */ = {isa = PBXBuildFile; fileRef = 6C85B2DB26F9F40D003ECBD8 /* RecipeCookingView.swift */; };
		6C85B2E926F9F40D003ECBD8 /* HeaderView.swift in Sources */ = {isa = PBXBuildFile; fileRef = 6C85B2DC26F9F40D003ECBD8 /* HeaderView.swift */; };
		6C85B2EA26F9F40D003ECBD8 /* RecipeRatingView.swift in Sources */ = {isa = PBXBuildFile; fileRef = 6C85B2DD26F9F40D003ECBD8 /* RecipeRatingView.swift */; };
		6C85B2EB26F9F40D003ECBD8 /* AppView.swift in Sources */ = {isa = PBXBuildFile; fileRef = 6C85B2DE26F9F40D003ECBD8 /* AppView.swift */; };
		6C85B2EC26F9F40D003ECBD8 /* AvocadosView.swift in Sources */ = {isa = PBXBuildFile; fileRef = 6C85B2DF26F9F40D003ECBD8 /* AvocadosView.swift */; };
		6C85B2ED26F9F40D003ECBD8 /* ContentView.swift in Sources */ = {isa = PBXBuildFile; fileRef = 6C85B2E026F9F40D003ECBD8 /* ContentView.swift */; };
/* End PBXBuildFile section */

/* Begin PBXFileReference section */
		6C85B2A326F9F011003ECBD8 /* Avocado.app */ = {isa = PBXFileReference; explicitFileType = wrapper.application; includeInIndex = 0; path = Avocado.app; sourceTree = BUILT_PRODUCTS_DIR; };
		6C85B2A626F9F011003ECBD8 /* AvocadoApp.swift */ = {isa = PBXFileReference; lastKnownFileType = sourcecode.swift; path = AvocadoApp.swift; sourceTree = "<group>"; };
		6C85B2AA26F9F013003ECBD8 /* Assets.xcassets */ = {isa = PBXFileReference; lastKnownFileType = folder.assetcatalog; path = Assets.xcassets; sourceTree = "<group>"; };
		6C85B2AD26F9F013003ECBD8 /* Preview Assets.xcassets */ = {isa = PBXFileReference; lastKnownFileType = folder.assetcatalog; path = "Preview Assets.xcassets"; sourceTree = "<group>"; };
		6C85B2AF26F9F013003ECBD8 /* Info.plist */ = {isa = PBXFileReference; lastKnownFileType = text.plist.xml; path = Info.plist; sourceTree = "<group>"; };
		6C85B2B826F9F096003ECBD8 /* RipeningData.swift */ = {isa = PBXFileReference; fileEncoding = 4; lastKnownFileType = sourcecode.swift; name = RipeningData.swift; path = "../../../avocado-ref/Completed/Avocados/Avocados/Data/RipeningData.swift"; sourceTree = "<group>"; };
		6C85B2B926F9F096003ECBD8 /* HeaderData.swift */ = {isa = PBXFileReference; fileEncoding = 4; lastKnownFileType = sourcecode.swift; name = HeaderData.swift; path = "../../../avocado-ref/Completed/Avocados/Avocados/Data/HeaderData.swift"; sourceTree = "<group>"; };
		6C85B2BA26F9F096003ECBD8 /* RecipeData.swift */ = {isa = PBXFileReference; fileEncoding = 4; lastKnownFileType = sourcecode.swift; name = RecipeData.swift; path = "../../../avocado-ref/Completed/Avocados/Avocados/Data/RecipeData.swift"; sourceTree = "<group>"; };
		6C85B2BB26F9F096003ECBD8 /* FactData.swift */ = {isa = PBXFileReference; fileEncoding = 4; lastKnownFileType = sourcecode.swift; name = FactData.swift; path = "../../../avocado-ref/Completed/Avocados/Avocados/Data/FactData.swift"; sourceTree = "<group>"; };
		6C85B2C026F9F0A1003ECBD8 /* HeaderModel.swift */ = {isa = PBXFileReference; fileEncoding = 4; lastKnownFileType = sourcecode.swift; name = HeaderModel.swift; path = "../../../avocado-ref/Completed/Avocados/Avocados/Model/HeaderModel.swift"; sourceTree = "<group>"; };
		6C85B2C126F9F0A1003ECBD8 /* FactModel.swift */ = {isa = PBXFileReference; fileEncoding = 4; lastKnownFileType = sourcecode.swift; name = FactModel.swift; path = "../../../avocado-ref/Completed/Avocados/Avocados/Model/FactModel.swift"; sourceTree = "<group>"; };
		6C85B2C226F9F0A1003ECBD8 /* RipeningModel.swift */ = {isa = PBXFileReference; fileEncoding = 4; lastKnownFileType = sourcecode.swift; name = RipeningModel.swift; path = "../../../avocado-ref/Completed/Avocados/Avocados/Model/RipeningModel.swift"; sourceTree = "<group>"; };
		6C85B2C326F9F0A1003ECBD8 /* RecipeModel.swift */ = {isa = PBXFileReference; fileEncoding = 4; lastKnownFileType = sourcecode.swift; name = RecipeModel.swift; path = "../../../avocado-ref/Completed/Avocados/Avocados/Model/RecipeModel.swift"; sourceTree = "<group>"; };
		6C85B2D426F9F40C003ECBD8 /* RecipeCardView.swift */ = {isa = PBXFileReference; fileEncoding = 4; lastKnownFileType = sourcecode.swift; name = RecipeCardView.swift; path = "../../../avocado-ref/Completed/Avocados/Avocados/View/RecipeCardView.swift"; sourceTree = "<group>"; };
		6C85B2D526F9F40C003ECBD8 /* RipeningStagesView.swift */ = {isa = PBXFileReference; fileEncoding = 4; lastKnownFileType = sourcecode.swift; name = RipeningStagesView.swift; path = "../../../avocado-ref/Completed/Avocados/Avocados/View/RipeningStagesView.swift"; sourceTree = "<group>"; };
		6C85B2D626F9F40C003ECBD8 /* FactsView.swift */ = {isa = PBXFileReference; fileEncoding = 4; lastKnownFileType = sourcecode.swift; name = FactsView.swift; path = "../../../avocado-ref/Completed/Avocados/Avocados/View/FactsView.swift"; sourceTree = "<group>"; };
		6C85B2D726F9F40C003ECBD8 /* RecipeDetailView.swift */ = {isa = PBXFileReference; fileEncoding = 4; lastKnownFileType = sourcecode.swift; name = RecipeDetailView.swift; path = "../../../avocado-ref/Completed/Avocados/Avocados/View/RecipeDetailView.swift"; sourceTree = "<group>"; };
		6C85B2D826F9F40C003ECBD8 /* SettingsView.swift */ = {isa = PBXFileReference; fileEncoding = 4; lastKnownFileType = sourcecode.swift; name = SettingsView.swift; path = "../../../avocado-ref/Completed/Avocados/Avocados/View/SettingsView.swift"; sourceTree = "<group>"; };
		6C85B2D926F9F40D003ECBD8 /* DishesView.swift */ = {isa = PBXFileReference; fileEncoding = 4; lastKnownFileType = sourcecode.swift; name = DishesView.swift; path = "../../../avocado-ref/Completed/Avocados/Avocados/View/DishesView.swift"; sourceTree = "<group>"; };
		6C85B2DA26F9F40D003ECBD8 /* RipeningView.swift */ = {isa = PBXFileReference; fileEncoding = 4; lastKnownFileType = sourcecode.swift; name = RipeningView.swift; path = "../../../avocado-ref/Completed/Avocados/Avocados/View/RipeningView.swift"; sourceTree = "<group>"; };
		6C85B2DB26F9F40D003ECBD8 /* RecipeCookingView.swift */ = {isa = PBXFileReference; fileEncoding = 4; lastKnownFileType = sourcecode.swift; name = RecipeCookingView.swift; path = "../../../avocado-ref/Completed/Avocados/Avocados/View/RecipeCookingView.swift"; sourceTree = "<group>"; };
		6C85B2DC26F9F40D003ECBD8 /* HeaderView.swift */ = {isa = PBXFileReference; fileEncoding = 4; lastKnownFileType = sourcecode.swift; name = HeaderView.swift; path = "../../../avocado-ref/Completed/Avocados/Avocados/View/HeaderView.swift"; sourceTree = "<group>"; };
		6C85B2DD26F9F40D003ECBD8 /* RecipeRatingView.swift */ = {isa = PBXFileReference; fileEncoding = 4; lastKnownFileType = sourcecode.swift; name = RecipeRatingView.swift; path = "../../../avocado-ref/Completed/Avocados/Avocados/View/RecipeRatingView.swift"; sourceTree = "<group>"; };
		6C85B2DE26F9F40D003ECBD8 /* AppView.swift */ = {isa = PBXFileReference; fileEncoding = 4; lastKnownFileType = sourcecode.swift; name = AppView.swift; path = "../../../avocado-ref/Completed/Avocados/Avocados/View/AppView.swift"; sourceTree = "<group>"; };
		6C85B2DF26F9F40D003ECBD8 /* AvocadosView.swift */ = {isa = PBXFileReference; fileEncoding = 4; lastKnownFileType = sourcecode.swift; name = AvocadosView.swift; path = "../../../avocado-ref/Completed/Avocados/Avocados/View/AvocadosView.swift"; sourceTree = "<group>"; };
		6C85B2E026F9F40D003ECBD8 /* ContentView.swift */ = {isa = PBXFileReference; fileEncoding = 4; lastKnownFileType = sourcecode.swift; name = ContentView.swift; path = "../../../avocado-ref/Completed/Avocados/Avocados/View/ContentView.swift"; sourceTree = "<group>"; };
/* End PBXFileReference section */

/* Begin PBXFrameworksBuildPhase section */
		6C85B2A026F9F011003ECBD8 /* Frameworks */ = {
			isa = PBXFrameworksBuildPhase;
			buildActionMask = 2147483647;
			files = (
			);
			runOnlyForDeploymentPostprocessing = 0;
		};
/* End PBXFrameworksBuildPhase section */

/* Begin PBXGroup section */
		6C85B29A26F9F011003ECBD8 = {
			isa = PBXGroup;
			children = (
				6C85B2A526F9F011003ECBD8 /* Avocado */,
				6C85B2A426F9F011003ECBD8 /* Products */,
			);
			sourceTree = "<group>";
		};
		6C85B2A426F9F011003ECBD8 /* Products */ = {
			isa = PBXGroup;
			children = (
				6C85B2A326F9F011003ECBD8 /* Avocado.app */,
			);
			name = Products;
			sourceTree = "<group>";
		};
		6C85B2A526F9F011003ECBD8 /* Avocado */ = {
			isa = PBXGroup;
			children = (
				6C85B2B726F9F082003ECBD8 /* Data */,
				6C85B2B626F9F07E003ECBD8 /* Model */,
				6C85B2B526F9F075003ECBD8 /* View */,
				6C85B2A626F9F011003ECBD8 /* AvocadoApp.swift */,
				6C85B2AA26F9F013003ECBD8 /* Assets.xcassets */,
				6C85B2AF26F9F013003ECBD8 /* Info.plist */,
				6C85B2AC26F9F013003ECBD8 /* Preview Content */,
			);
			path = Avocado;
			sourceTree = "<group>";
		};
		6C85B2AC26F9F013003ECBD8 /* Preview Content */ = {
			isa = PBXGroup;
			children = (
				6C85B2AD26F9F013003ECBD8 /* Preview Assets.xcassets */,
			);
			path = "Preview Content";
			sourceTree = "<group>";
		};
		6C85B2B526F9F075003ECBD8 /* View */ = {
			isa = PBXGroup;
			children = (
				6C85B2DE26F9F40D003ECBD8 /* AppView.swift */,
				6C85B2DF26F9F40D003ECBD8 /* AvocadosView.swift */,
				6C85B2E026F9F40D003ECBD8 /* ContentView.swift */,
				6C85B2D926F9F40D003ECBD8 /* DishesView.swift */,
				6C85B2D626F9F40C003ECBD8 /* FactsView.swift */,
				6C85B2DC26F9F40D003ECBD8 /* HeaderView.swift */,
				6C85B2D426F9F40C003ECBD8 /* RecipeCardView.swift */,
				6C85B2DB26F9F40D003ECBD8 /* RecipeCookingView.swift */,
				6C85B2D726F9F40C003ECBD8 /* RecipeDetailView.swift */,
				6C85B2DD26F9F40D003ECBD8 /* RecipeRatingView.swift */,
				6C85B2D526F9F40C003ECBD8 /* RipeningStagesView.swift */,
				6C85B2DA26F9F40D003ECBD8 /* RipeningView.swift */,
				6C85B2D826F9F40C003ECBD8 /* SettingsView.swift */,
			);
			path = View;
			sourceTree = "<group>";
		};
		6C85B2B626F9F07E003ECBD8 /* Model */ = {
			isa = PBXGroup;
			children = (
				6C85B2C126F9F0A1003ECBD8 /* FactModel.swift */,
				6C85B2C026F9F0A1003ECBD8 /* HeaderModel.swift */,
				6C85B2C326F9F0A1003ECBD8 /* RecipeModel.swift */,
				6C85B2C226F9F0A1003ECBD8 /* RipeningModel.swift */,
			);
			path = Model;
			sourceTree = "<group>";
		};
		6C85B2B726F9F082003ECBD8 /* Data */ = {
			isa = PBXGroup;
			children = (
				6C85B2BB26F9F096003ECBD8 /* FactData.swift */,
				6C85B2B926F9F096003ECBD8 /* HeaderData.swift */,
				6C85B2BA26F9F096003ECBD8 /* RecipeData.swift */,
				6C85B2B826F9F096003ECBD8 /* RipeningData.swift */,
			);
			path = Data;
			sourceTree = "<group>";
		};
/* End PBXGroup section */

/* Begin PBXNativeTarget section */
		6C85B2A226F9F011003ECBD8 /* Avocado */ = {
			isa = PBXNativeTarget;
			buildConfigurationList = 6C85B2B226F9F013003ECBD8 /* Build configuration list for PBXNativeTarget "Avocado" */;
			buildPhases = (
				6C85B29F26F9F011003ECBD8 /* Sources */,
				6C85B2A026F9F011003ECBD8 /* Frameworks */,
				6C85B2A126F9F011003ECBD8 /* Resources */,
			);
			buildRules = (
			);
			dependencies = (
			);
			name = Avocado;
			productName = Avocado;
			productReference = 6C85B2A326F9F011003ECBD8 /* Avocado.app */;
			productType = "com.apple.product-type.application";
		};
/* End PBXNativeTarget section */

/* Begin PBXProject section */
		6C85B29B26F9F011003ECBD8 /* Project object */ = {
			isa = PBXProject;
			attributes = {
				LastSwiftUpdateCheck = 1250;
				LastUpgradeCheck = 1250;
				TargetAttributes = {
					6C85B2A226F9F011003ECBD8 = {
						CreatedOnToolsVersion = 12.5.1;
					};
				};
			};
			buildConfigurationList = 6C85B29E26F9F011003ECBD8 /* Build configuration list for PBXProject "Avocado" */;
			compatibilityVersion = "Xcode 9.3";
			developmentRegion = en;
			hasScannedForEncodings = 0;
			knownRegions = (
				en,
				Base,
			);
			mainGroup = 6C85B29A26F9F011003ECBD8;
			productRefGroup = 6C85B2A426F9F011003ECBD8 /* Products */;
			projectDirPath = "";
			projectRoot = "";
			targets = (
				6C85B2A226F9F011003ECBD8 /* Avocado */,
			);
		};
/* End PBXProject section */

/* Begin PBXResourcesBuildPhase section */
		6C85B2A126F9F011003ECBD8 /* Resources */ = {
			isa = PBXResourcesBuildPhase;
			buildActionMask = 2147483647;
			files = (
				6C85B2AE26F9F013003ECBD8 /* Preview Assets.xcassets in Resources */,
				6C85B2AB26F9F013003ECBD8 /* Assets.xcassets in Resources */,
			);
			runOnlyForDeploymentPostprocessing = 0;
		};
/* End PBXResourcesBuildPhase section */

/* Begin PBXSourcesBuildPhase section */
		6C85B29F26F9F011003ECBD8 /* Sources */ = {
			isa = PBXSourcesBuildPhase;
			buildActionMask = 2147483647;
			files = (
				6C85B2BC26F9F096003ECBD8 /* RipeningData.swift in Sources */,
				6C85B2E926F9F40D003ECBD8 /* HeaderView.swift in Sources */,
				6C85B2EC26F9F40D003ECBD8 /* AvocadosView.swift in Sources */,
				6C85B2C526F9F0A1003ECBD8 /* FactModel.swift in Sources */,
				6C85B2E426F9F40D003ECBD8 /* RecipeDetailView.swift in Sources */,
				6C85B2C426F9F0A1003ECBD8 /* HeaderModel.swift in Sources */,
				6C85B2E726F9F40D003ECBD8 /* RipeningView.swift in Sources */,
				6C85B2BE26F9F096003ECBD8 /* RecipeData.swift in Sources */,
				6C85B2BD26F9F096003ECBD8 /* HeaderData.swift in Sources */,
				6C85B2EB26F9F40D003ECBD8 /* AppView.swift in Sources */,
				6C85B2A726F9F011003ECBD8 /* AvocadoApp.swift in Sources */,
				6C85B2E526F9F40D003ECBD8 /* SettingsView.swift in Sources */,
				6C85B2ED26F9F40D003ECBD8 /* ContentView.swift in Sources */,
				6C85B2E626F9F40D003ECBD8 /* DishesView.swift in Sources */,
				6C85B2E826F9F40D003ECBD8 /* RecipeCookingView.swift in Sources */,
				6C85B2EA26F9F40D003ECBD8 /* RecipeRatingView.swift in Sources */,
				6C85B2E126F9F40D003ECBD8 /* RecipeCardView.swift in Sources */,
				6C85B2C726F9F0A1003ECBD8 /* RecipeModel.swift in Sources */,
				6C85B2E226F9F40D003ECBD8 /* RipeningStagesView.swift in Sources */,
				6C85B2BF26F9F096003ECBD8 /* FactData.swift in Sources */,
				6C85B2E326F9F40D003ECBD8 /* FactsView.swift in Sources */,
				6C85B2C626F9F0A1003ECBD8 /* RipeningModel.swift in Sources */,
			);
			runOnlyForDeploymentPostprocessing = 0;
		};
/* End PBXSourcesBuildPhase section */

/* Begin XCBuildConfiguration section */
		6C85B2B026F9F013003ECBD8 /* Debug */ = {
			isa = XCBuildConfiguration;
			buildSettings = {
				ALWAYS_SEARCH_USER_PATHS = NO;
				CLANG_ANALYZER_NONNULL = YES;
				CLANG_ANALYZER_NUMBER_OBJECT_CONVERSION = YES_AGGRESSIVE;
				CLANG_CXX_LANGUAGE_STANDARD = "gnu++14";
				CLANG_CXX_LIBRARY = "libc++";
				CLANG_ENABLE_MODULES = YES;
				CLANG_ENABLE_OBJC_ARC = YES;
				CLANG_ENABLE_OBJC_WEAK = YES;
				CLANG_WARN_BLOCK_CAPTURE_AUTORELEASING = YES;
				CLANG_WARN_BOOL_CONVERSION = YES;
				CLANG_WARN_COMMA = YES;
				CLANG_WARN_CONSTANT_CONVERSION = YES;
				CLANG_WARN_DEPRECATED_OBJC_IMPLEMENTATIONS = YES;
				CLANG_WARN_DIRECT_OBJC_ISA_USAGE = YES_ERROR;
				CLANG_WARN_DOCUMENTATION_COMMENTS = YES;
				CLANG_WARN_EMPTY_BODY = YES;
				CLANG_WARN_ENUM_CONVERSION = YES;
				CLANG_WARN_INFINITE_RECURSION = YES;
				CLANG_WARN_INT_CONVERSION = YES;
				CLANG_WARN_NON_LITERAL_NULL_CONVERSION = YES;
				CLANG_WARN_OBJC_IMPLICIT_RETAIN_SELF = YES;
				CLANG_WARN_OBJC_LITERAL_CONVERSION = YES;
				CLANG_WARN_OBJC_ROOT_CLASS = YES_ERROR;
				CLANG_WARN_QUOTED_INCLUDE_IN_FRAMEWORK_HEADER = YES;
				CLANG_WARN_RANGE_LOOP_ANALYSIS = YES;
				CLANG_WARN_STRICT_PROTOTYPES = YES;
				CLANG_WARN_SUSPICIOUS_MOVE = YES;
				CLANG_WARN_UNGUARDED_AVAILABILITY = YES_AGGRESSIVE;
				CLANG_WARN_UNREACHABLE_CODE = YES;
				CLANG_WARN__DUPLICATE_METHOD_MATCH = YES;
				COPY_PHASE_STRIP = NO;
				DEBUG_INFORMATION_FORMAT = dwarf;
				ENABLE_STRICT_OBJC_MSGSEND = YES;
				ENABLE_TESTABILITY = YES;
				GCC_C_LANGUAGE_STANDARD = gnu11;
				GCC_DYNAMIC_NO_PIC = NO;
				GCC_NO_COMMON_BLOCKS = YES;
				GCC_OPTIMIZATION_LEVEL = 0;
				GCC_PREPROCESSOR_DEFINITIONS = (
					"DEBUG=1",
					"$(inherited)",
				);
				GCC_WARN_64_TO_32_BIT_CONVERSION = YES;
				GCC_WARN_ABOUT_RETURN_TYPE = YES_ERROR;
				GCC_WARN_UNDECLARED_SELECTOR = YES;
				GCC_WARN_UNINITIALIZED_AUTOS = YES_AGGRESSIVE;
				GCC_WARN_UNUSED_FUNCTION = YES;
				GCC_WARN_UNUSED_VARIABLE = YES;
				IPHONEOS_DEPLOYMENT_TARGET = 14.5;
				MTL_ENABLE_DEBUG_INFO = INCLUDE_SOURCE;
				MTL_FAST_MATH = YES;
				ONLY_ACTIVE_ARCH = YES;
				SDKROOT = iphoneos;
				SWIFT_ACTIVE_COMPILATION_CONDITIONS = DEBUG;
				SWIFT_OPTIMIZATION_LEVEL = "-Onone";
			};
			name = Debug;
		};
		6C85B2B126F9F013003ECBD8 /* Release */ = {
			isa = XCBuildConfiguration;
			buildSettings = {
				ALWAYS_SEARCH_USER_PATHS = NO;
				CLANG_ANALYZER_NONNULL = YES;
				CLANG_ANALYZER_NUMBER_OBJECT_CONVERSION = YES_AGGRESSIVE;
				CLANG_CXX_LANGUAGE_STANDARD = "gnu++14";
				CLANG_CXX_LIBRARY = "libc++";
				CLANG_ENABLE_MODULES = YES;
				CLANG_ENABLE_OBJC_ARC = YES;
				CLANG_ENABLE_OBJC_WEAK = YES;
				CLANG_WARN_BLOCK_CAPTURE_AUTORELEASING = YES;
				CLANG_WARN_BOOL_CONVERSION = YES;
				CLANG_WARN_COMMA = YES;
				CLANG_WARN_CONSTANT_CONVERSION = YES;
				CLANG_WARN_DEPRECATED_OBJC_IMPLEMENTATIONS = YES;
				CLANG_WARN_DIRECT_OBJC_ISA_USAGE = YES_ERROR;
				CLANG_WARN_DOCUMENTATION_COMMENTS = YES;
				CLANG_WARN_EMPTY_BODY = YES;
				CLANG_WARN_ENUM_CONVERSION = YES;
				CLANG_WARN_INFINITE_RECURSION = YES;
				CLANG_WARN_INT_CONVERSION = YES;
				CLANG_WARN_NON_LITERAL_NULL_CONVERSION = YES;
				CLANG_WARN_OBJC_IMPLICIT_RETAIN_SELF = YES;
				CLANG_WARN_OBJC_LITERAL_CONVERSION = YES;
				CLANG_WARN_OBJC_ROOT_CLASS = YES_ERROR;
				CLANG_WARN_QUOTED_INCLUDE_IN_FRAMEWORK_HEADER = YES;
				CLANG_WARN_RANGE_LOOP_ANALYSIS = YES;
				CLANG_WARN_STRICT_PROTOTYPES = YES;
				CLANG_WARN_SUSPICIOUS_MOVE = YES;
				CLANG_WARN_UNGUARDED_AVAILABILITY = YES_AGGRESSIVE;
				CLANG_WARN_UNREACHABLE_CODE = YES;
				CLANG_WARN__DUPLICATE_METHOD_MATCH = YES;
				COPY_PHASE_STRIP = NO;
				DEBUG_INFORMATION_FORMAT = "dwarf-with-dsym";
				ENABLE_NS_ASSERTIONS = NO;
				ENABLE_STRICT_OBJC_MSGSEND = YES;
				GCC_C_LANGUAGE_STANDARD = gnu11;
				GCC_NO_COMMON_BLOCKS = YES;
				GCC_WARN_64_TO_32_BIT_CONVERSION = YES;
				GCC_WARN_ABOUT_RETURN_TYPE = YES_ERROR;
				GCC_WARN_UNDECLARED_SELECTOR = YES;
				GCC_WARN_UNINITIALIZED_AUTOS = YES_AGGRESSIVE;
				GCC_WARN_UNUSED_FUNCTION = YES;
				GCC_WARN_UNUSED_VARIABLE = YES;
				IPHONEOS_DEPLOYMENT_TARGET = 14.5;
				MTL_ENABLE_DEBUG_INFO = NO;
				MTL_FAST_MATH = YES;
				SDKROOT = iphoneos;
				SWIFT_COMPILATION_MODE = wholemodule;
				SWIFT_OPTIMIZATION_LEVEL = "-O";
				VALIDATE_PRODUCT = YES;
			};
			name = Release;
		};
		6C85B2B326F9F013003ECBD8 /* Debug */ = {
			isa = XCBuildConfiguration;
			buildSettings = {
				ASSETCATALOG_COMPILER_APPICON_NAME = AppIcon;
				ASSETCATALOG_COMPILER_GLOBAL_ACCENT_COLOR_NAME = AccentColor;
				CODE_SIGN_STYLE = Automatic;
				DEVELOPMENT_ASSET_PATHS = "\"Avocado/Preview Content\"";
				DEVELOPMENT_TEAM = 35W7TZ9DUM;
				ENABLE_PREVIEWS = YES;
				INFOPLIST_FILE = Avocado/Info.plist;
				IPHONEOS_DEPLOYMENT_TARGET = 14.0;
				LD_RUNPATH_SEARCH_PATHS = (
					"$(inherited)",
					"@executable_path/Frameworks",
				);
				PRODUCT_BUNDLE_IDENTIFIER = com.paigeshin.Avocado;
				PRODUCT_NAME = "$(TARGET_NAME)";
				SWIFT_VERSION = 5.0;
				TARGETED_DEVICE_FAMILY = "1,2";
			};
			name = Debug;
		};
		6C85B2B426F9F013003ECBD8 /* Release */ = {
			isa = XCBuildConfiguration;
			buildSettings = {
				ASSETCATALOG_COMPILER_APPICON_NAME = AppIcon;
				ASSETCATALOG_COMPILER_GLOBAL_ACCENT_COLOR_NAME = AccentColor;
				CODE_SIGN_STYLE = Automatic;
				DEVELOPMENT_ASSET_PATHS = "\"Avocado/Preview Content\"";
				DEVELOPMENT_TEAM = 35W7TZ9DUM;
				ENABLE_PREVIEWS = YES;
				INFOPLIST_FILE = Avocado/Info.plist;
				IPHONEOS_DEPLOYMENT_TARGET = 14.0;
				LD_RUNPATH_SEARCH_PATHS = (
					"$(inherited)",
					"@executable_path/Frameworks",
				);
				PRODUCT_BUNDLE_IDENTIFIER = com.paigeshin.Avocado;
				PRODUCT_NAME = "$(TARGET_NAME)";
				SWIFT_VERSION = 5.0;
				TARGETED_DEVICE_FAMILY = "1,2";
			};
			name = Release;
		};
/* End XCBuildConfiguration section */

/* Begin XCConfigurationList section */
		6C85B29E26F9F011003ECBD8 /* Build configuration list for PBXProject "Avocado" */ = {
			isa = XCConfigurationList;
			buildConfigurations = (
				6C85B2B026F9F013003ECBD8 /* Debug */,
				6C85B2B126F9F013003ECBD8 /* Release */,
			);
			defaultConfigurationIsVisible = 0;
			defaultConfigurationName = Release;
		};
		6C85B2B226F9F013003ECBD8 /* Build configuration list for PBXNativeTarget "Avocado" */ = {
			isa = XCConfigurationList;
			buildConfigurations = (
				6C85B2B326F9F013003ECBD8 /* Debug */,
				6C85B2B426F9F013003ECBD8 /* Release */,
			);
			defaultConfigurationIsVisible = 0;
			defaultConfigurationName = Release;
		};
/* End XCConfigurationList section */
	};
	rootObject = 6C85B29B26F9F011003ECBD8 /* Project object */;
}
