// !$*UTF8*$!
{
	archiveVersion = 1;
	classes = {
	};
	objectVersion = 50;
	objects = {

/* Begin PBXBuildFile section */
		6C85B27426F9E973003ECBD8 /* DeveloperApp.swift in Sources */ = {isa = PBXBuildFile; fileRef = 6C85B27326F9E973003ECBD8 /* DeveloperApp.swift */; };
		6C85B27626F9E973003ECBD8 /* ContentView.swift in Sources */ = {isa = PBXBuildFile; fileRef = 6C85B27526F9E973003ECBD8 /* ContentView.swift */; };
		6C85B27826F9E975003ECBD8 /* Assets.xcassets in Resources */ = {isa = PBXBuildFile; fileRef = 6C85B27726F9E975003ECBD8 /* Assets.xcassets */; };
		6C85B27B26F9E975003ECBD8 /* Preview Assets.xcassets in Resources */ = {isa = PBXBuildFile; fileRef = 6C85B27A26F9E975003ECBD8 /* Preview Assets.xcassets */; };
		6C85B28326F9EA36003ECBD8 /* CardView.swift in Sources */ = {isa = PBXBuildFile; fileRef = 6C85B28226F9EA36003ECBD8 /* CardView.swift */; };
		6C85B28526F9ECB6003ECBD8 /* CardModel.swift in Sources */ = {isa = PBXBuildFile; fileRef = 6C85B28426F9ECB6003ECBD8 /* CardModel.swift */; };
		6C85B28726F9ED3B003ECBD8 /* CardData.swift in Sources */ = {isa = PBXBuildFile; fileRef = 6C85B28626F9ED3B003ECBD8 /* CardData.swift */; };
		6C85B28A26F9EE56003ECBD8 /* sound-chime.mp3 in Resources */ = {isa = PBXBuildFile; fileRef = 6C85B28826F9EE56003ECBD8 /* sound-chime.mp3 */; };
		6C85B28B26F9EE56003ECBD8 /* PlaySound.swift in Sources */ = {isa = PBXBuildFile; fileRef = 6C85B28926F9EE56003ECBD8 /* PlaySound.swift */; };
		6C85B29126F9EF30003ECBD8 /* Stickers.xcassets in Resources */ = {isa = PBXBuildFile; fileRef = 6C85B29026F9EF30003ECBD8 /* Stickers.xcassets */; };
		6C85B29526F9EF30003ECBD8 /* stickers.appex in Embed App Extensions */ = {isa = PBXBuildFile; fileRef = 6C85B28E26F9EF2F003ECBD8 /* stickers.appex */; settings = {ATTRIBUTES = (RemoveHeadersOnCopy, ); }; };
/* End PBXBuildFile section */

/* Begin PBXContainerItemProxy section */
		6C85B29326F9EF30003ECBD8 /* PBXContainerItemProxy */ = {
			isa = PBXContainerItemProxy;
			containerPortal = 6C85B26826F9E973003ECBD8 /* Project object */;
			proxyType = 1;
			remoteGlobalIDString = 6C85B28D26F9EF2F003ECBD8;
			remoteInfo = stickers;
		};
/* End PBXContainerItemProxy section */

/* Begin PBXCopyFilesBuildPhase section */
		6C85B29926F9EF30003ECBD8 /* Embed App Extensions */ = {
			isa = PBXCopyFilesBuildPhase;
			buildActionMask = 2147483647;
			dstPath = "";
			dstSubfolderSpec = 13;
			files = (
				6C85B29526F9EF30003ECBD8 /* stickers.appex in Embed App Extensions */,
			);
			name = "Embed App Extensions";
			runOnlyForDeploymentPostprocessing = 0;
		};
/* End PBXCopyFilesBuildPhase section */

/* Begin PBXFileReference section */
		6C85B27026F9E973003ECBD8 /* Developer.app */ = {isa = PBXFileReference; explicitFileType = wrapper.application; includeInIndex = 0; path = Developer.app; sourceTree = BUILT_PRODUCTS_DIR; };
		6C85B27326F9E973003ECBD8 /* DeveloperApp.swift */ = {isa = PBXFileReference; lastKnownFileType = sourcecode.swift; path = DeveloperApp.swift; sourceTree = "<group>"; };
		6C85B27526F9E973003ECBD8 /* ContentView.swift */ = {isa = PBXFileReference; lastKnownFileType = sourcecode.swift; path = ContentView.swift; sourceTree = "<group>"; };
		6C85B27726F9E975003ECBD8 /* Assets.xcassets */ = {isa = PBXFileReference; lastKnownFileType = folder.assetcatalog; path = Assets.xcassets; sourceTree = "<group>"; };
		6C85B27A26F9E975003ECBD8 /* Preview Assets.xcassets */ = {isa = PBXFileReference; lastKnownFileType = folder.assetcatalog; path = "Preview Assets.xcassets"; sourceTree = "<group>"; };
		6C85B27C26F9E975003ECBD8 /* Info.plist */ = {isa = PBXFileReference; lastKnownFileType = text.plist.xml; path = Info.plist; sourceTree = "<group>"; };
		6C85B28226F9EA36003ECBD8 /* CardView.swift */ = {isa = PBXFileReference; lastKnownFileType = sourcecode.swift; path = CardView.swift; sourceTree = "<group>"; };
		6C85B28426F9ECB6003ECBD8 /* CardModel.swift */ = {isa = PBXFileReference; lastKnownFileType = sourcecode.swift; path = CardModel.swift; sourceTree = "<group>"; };
		6C85B28626F9ED3B003ECBD8 /* CardData.swift */ = {isa = PBXFileReference; lastKnownFileType = sourcecode.swift; path = CardData.swift; sourceTree = "<group>"; };
		6C85B28826F9EE56003ECBD8 /* sound-chime.mp3 */ = {isa = PBXFileReference; lastKnownFileType = audio.mp3; name = "sound-chime.mp3"; path = "../../DeveloperApp-ref/Completed/Learn by Doing/Learn by Doing/sound-chime.mp3"; sourceTree = "<group>"; };
		6C85B28926F9EE56003ECBD8 /* PlaySound.swift */ = {isa = PBXFileReference; fileEncoding = 4; lastKnownFileType = sourcecode.swift; name = PlaySound.swift; path = "../../DeveloperApp-ref/Completed/Learn by Doing/Learn by Doing/PlaySound.swift"; sourceTree = "<group>"; };
		6C85B28E26F9EF2F003ECBD8 /* stickers.appex */ = {isa = PBXFileReference; explicitFileType = "wrapper.app-extension"; includeInIndex = 0; path = stickers.appex; sourceTree = BUILT_PRODUCTS_DIR; };
		6C85B29026F9EF30003ECBD8 /* Stickers.xcassets */ = {isa = PBXFileReference; lastKnownFileType = folder.assetcatalog; path = Stickers.xcassets; sourceTree = "<group>"; };
		6C85B29226F9EF30003ECBD8 /* Info.plist */ = {isa = PBXFileReference; lastKnownFileType = text.plist.xml; path = Info.plist; sourceTree = "<group>"; };
/* End PBXFileReference section */

/* Begin PBXFrameworksBuildPhase section */
		6C85B26D26F9E973003ECBD8 /* Frameworks */ = {
			isa = PBXFrameworksBuildPhase;
			buildActionMask = 2147483647;
			files = (
			);
			runOnlyForDeploymentPostprocessing = 0;
		};
/* End PBXFrameworksBuildPhase section */

/* Begin PBXGroup section */
		6C85B26726F9E973003ECBD8 = {
			isa = PBXGroup;
			children = (
				6C85B27226F9E973003ECBD8 /* Developer */,
				6C85B28F26F9EF2F003ECBD8 /* stickers */,
				6C85B27126F9E973003ECBD8 /* Products */,
			);
			sourceTree = "<group>";
		};
		6C85B27126F9E973003ECBD8 /* Products */ = {
			isa = PBXGroup;
			children = (
				6C85B27026F9E973003ECBD8 /* Developer.app */,
				6C85B28E26F9EF2F003ECBD8 /* stickers.appex */,
			);
			name = Products;
			sourceTree = "<group>";
		};
		6C85B27226F9E973003ECBD8 /* Developer */ = {
			isa = PBXGroup;
			children = (
				6C85B28926F9EE56003ECBD8 /* PlaySound.swift */,
				6C85B28826F9EE56003ECBD8 /* sound-chime.mp3 */,
				6C85B27326F9E973003ECBD8 /* DeveloperApp.swift */,
				6C85B27526F9E973003ECBD8 /* ContentView.swift */,
				6C85B28226F9EA36003ECBD8 /* CardView.swift */,
				6C85B27726F9E975003ECBD8 /* Assets.xcassets */,
				6C85B27C26F9E975003ECBD8 /* Info.plist */,
				6C85B27926F9E975003ECBD8 /* Preview Content */,
				6C85B28426F9ECB6003ECBD8 /* CardModel.swift */,
				6C85B28626F9ED3B003ECBD8 /* CardData.swift */,
			);
			path = Developer;
			sourceTree = "<group>";
		};
		6C85B27926F9E975003ECBD8 /* Preview Content */ = {
			isa = PBXGroup;
			children = (
				6C85B27A26F9E975003ECBD8 /* Preview Assets.xcassets */,
			);
			path = "Preview Content";
			sourceTree = "<group>";
		};
		6C85B28F26F9EF2F003ECBD8 /* stickers */ = {
			isa = PBXGroup;
			children = (
				6C85B29026F9EF30003ECBD8 /* Stickers.xcassets */,
				6C85B29226F9EF30003ECBD8 /* Info.plist */,
			);
			path = stickers;
			sourceTree = "<group>";
		};
/* End PBXGroup section */

/* Begin PBXNativeTarget section */
		6C85B26F26F9E973003ECBD8 /* Developer */ = {
			isa = PBXNativeTarget;
			buildConfigurationList = 6C85B27F26F9E975003ECBD8 /* Build configuration list for PBXNativeTarget "Developer" */;
			buildPhases = (
				6C85B26C26F9E973003ECBD8 /* Sources */,
				6C85B26D26F9E973003ECBD8 /* Frameworks */,
				6C85B26E26F9E973003ECBD8 /* Resources */,
				6C85B29926F9EF30003ECBD8 /* Embed App Extensions */,
			);
			buildRules = (
			);
			dependencies = (
				6C85B29426F9EF30003ECBD8 /* PBXTargetDependency */,
			);
			name = Developer;
			productName = Developer;
			productReference = 6C85B27026F9E973003ECBD8 /* Developer.app */;
			productType = "com.apple.product-type.application";
		};
		6C85B28D26F9EF2F003ECBD8 /* stickers */ = {
			isa = PBXNativeTarget;
			buildConfigurationList = 6C85B29626F9EF30003ECBD8 /* Build configuration list for PBXNativeTarget "stickers" */;
			buildPhases = (
				6C85B28C26F9EF2F003ECBD8 /* Resources */,
			);
			buildRules = (
			);
			dependencies = (
			);
			name = stickers;
			productName = stickers;
			productReference = 6C85B28E26F9EF2F003ECBD8 /* stickers.appex */;
			productType = "com.apple.product-type.app-extension.messages-sticker-pack";
		};
/* End PBXNativeTarget section */

/* Begin PBXProject section */
		6C85B26826F9E973003ECBD8 /* Project object */ = {
			isa = PBXProject;
			attributes = {
				LastSwiftUpdateCheck = 1250;
				LastUpgradeCheck = 1250;
				TargetAttributes = {
					6C85B26F26F9E973003ECBD8 = {
						CreatedOnToolsVersion = 12.5.1;
					};
					6C85B28D26F9EF2F003ECBD8 = {
						CreatedOnToolsVersion = 12.5.1;
					};
				};
			};
			buildConfigurationList = 6C85B26B26F9E973003ECBD8 /* Build configuration list for PBXProject "Developer" */;
			compatibilityVersion = "Xcode 9.3";
			developmentRegion = en;
			hasScannedForEncodings = 0;
			knownRegions = (
				en,
				Base,
			);
			mainGroup = 6C85B26726F9E973003ECBD8;
			productRefGroup = 6C85B27126F9E973003ECBD8 /* Products */;
			projectDirPath = "";
			projectRoot = "";
			targets = (
				6C85B26F26F9E973003ECBD8 /* Developer */,
				6C85B28D26F9EF2F003ECBD8 /* stickers */,
			);
		};
/* End PBXProject section */

/* Begin PBXResourcesBuildPhase section */
		6C85B26E26F9E973003ECBD8 /* Resources */ = {
			isa = PBXResourcesBuildPhase;
			buildActionMask = 2147483647;
			files = (
				6C85B27B26F9E975003ECBD8 /* Preview Assets.xcassets in Resources */,
				6C85B28A26F9EE56003ECBD8 /* sound-chime.mp3 in Resources */,
				6C85B27826F9E975003ECBD8 /* Assets.xcassets in Resources */,
			);
			runOnlyForDeploymentPostprocessing = 0;
		};
		6C85B28C26F9EF2F003ECBD8 /* Resources */ = {
			isa = PBXResourcesBuildPhase;
			buildActionMask = 2147483647;
			files = (
				6C85B29126F9EF30003ECBD8 /* Stickers.xcassets in Resources */,
			);
			runOnlyForDeploymentPostprocessing = 0;
		};
/* End PBXResourcesBuildPhase section */

/* Begin PBXSourcesBuildPhase section */
		6C85B26C26F9E973003ECBD8 /* Sources */ = {
			isa = PBXSourcesBuildPhase;
			buildActionMask = 2147483647;
			files = (
				6C85B28726F9ED3B003ECBD8 /* CardData.swift in Sources */,
				6C85B28B26F9EE56003ECBD8 /* PlaySound.swift in Sources */,
				6C85B27626F9E973003ECBD8 /* ContentView.swift in Sources */,
				6C85B28526F9ECB6003ECBD8 /* CardModel.swift in Sources */,
				6C85B28326F9EA36003ECBD8 /* CardView.swift in Sources */,
				6C85B27426F9E973003ECBD8 /* DeveloperApp.swift in Sources */,
			);
			runOnlyForDeploymentPostprocessing = 0;
		};
/* End PBXSourcesBuildPhase section */

/* Begin PBXTargetDependency section */
		6C85B29426F9EF30003ECBD8 /* PBXTargetDependency */ = {
			isa = PBXTargetDependency;
			target = 6C85B28D26F9EF2F003ECBD8 /* stickers */;
			targetProxy = 6C85B29326F9EF30003ECBD8 /* PBXContainerItemProxy */;
		};
/* End PBXTargetDependency section */

/* Begin XCBuildConfiguration section */
		6C85B27D26F9E975003ECBD8 /* Debug */ = {
			isa = XCBuildConfiguration;
			buildSettings = {
				ALWAYS_SEARCH_USER_PATHS = NO;
				CLANG_ANALYZER_NONNULL = YES;
				CLANG_ANALYZER_NUMBER_OBJECT_CONVERSION = YES_AGGRESSIVE;
				CLANG_CXX_LANGUAGE_STANDARD = "gnu++14";
				CLANG_CXX_LIBRARY = "libc++";
				CLANG_ENABLE_MODULES = YES;
				CLANG_ENABLE_OBJC_ARC = YES;
				CLANG_ENABLE_OBJC_WEAK = YES;
				CLANG_WARN_BLOCK_CAPTURE_AUTORELEASING = YES;
				CLANG_WARN_BOOL_CONVERSION = YES;
				CLANG_WARN_COMMA = YES;
				CLANG_WARN_CONSTANT_CONVERSION = YES;
				CLANG_WARN_DEPRECATED_OBJC_IMPLEMENTATIONS = YES;
				CLANG_WARN_DIRECT_OBJC_ISA_USAGE = YES_ERROR;
				CLANG_WARN_DOCUMENTATION_COMMENTS = YES;
				CLANG_WARN_EMPTY_BODY = YES;
				CLANG_WARN_ENUM_CONVERSION = YES;
				CLANG_WARN_INFINITE_RECURSION = YES;
				CLANG_WARN_INT_CONVERSION = YES;
				CLANG_WARN_NON_LITERAL_NULL_CONVERSION = YES;
				CLANG_WARN_OBJC_IMPLICIT_RETAIN_SELF = YES;
				CLANG_WARN_OBJC_LITERAL_CONVERSION = YES;
				CLANG_WARN_OBJC_ROOT_CLASS = YES_ERROR;
				CLANG_WARN_QUOTED_INCLUDE_IN_FRAMEWORK_HEADER = YES;
				CLANG_WARN_RANGE_LOOP_ANALYSIS = YES;
				CLANG_WARN_STRICT_PROTOTYPES = YES;
				CLANG_WARN_SUSPICIOUS_MOVE = YES;
				CLANG_WARN_UNGUARDED_AVAILABILITY = YES_AGGRESSIVE;
				CLANG_WARN_UNREACHABLE_CODE = YES;
				CLANG_WARN__DUPLICATE_METHOD_MATCH = YES;
				COPY_PHASE_STRIP = NO;
				DEBUG_INFORMATION_FORMAT = dwarf;
				ENABLE_STRICT_OBJC_MSGSEND = YES;
				ENABLE_TESTABILITY = YES;
				GCC_C_LANGUAGE_STANDARD = gnu11;
				GCC_DYNAMIC_NO_PIC = NO;
				GCC_NO_COMMON_BLOCKS = YES;
				GCC_OPTIMIZATION_LEVEL = 0;
				GCC_PREPROCESSOR_DEFINITIONS = (
					"DEBUG=1",
					"$(inherited)",
				);
				GCC_WARN_64_TO_32_BIT_CONVERSION = YES;
				GCC_WARN_ABOUT_RETURN_TYPE = YES_ERROR;
				GCC_WARN_UNDECLARED_SELECTOR = YES;
				GCC_WARN_UNINITIALIZED_AUTOS = YES_AGGRESSIVE;
				GCC_WARN_UNUSED_FUNCTION = YES;
				GCC_WARN_UNUSED_VARIABLE = YES;
				IPHONEOS_DEPLOYMENT_TARGET = 14.5;
				MTL_ENABLE_DEBUG_INFO = INCLUDE_SOURCE;
				MTL_FAST_MATH = YES;
				ONLY_ACTIVE_ARCH = YES;
				SDKROOT = iphoneos;
				SWIFT_ACTIVE_COMPILATION_CONDITIONS = DEBUG;
				SWIFT_OPTIMIZATION_LEVEL = "-Onone";
			};
			name = Debug;
		};
		6C85B27E26F9E975003ECBD8 /* Release */ = {
			isa = XCBuildConfiguration;
			buildSettings = {
				ALWAYS_SEARCH_USER_PATHS = NO;
				CLANG_ANALYZER_NONNULL = YES;
				CLANG_ANALYZER_NUMBER_OBJECT_CONVERSION = YES_AGGRESSIVE;
				CLANG_CXX_LANGUAGE_STANDARD = "gnu++14";
				CLANG_CXX_LIBRARY = "libc++";
				CLANG_ENABLE_MODULES = YES;
				CLANG_ENABLE_OBJC_ARC = YES;
				CLANG_ENABLE_OBJC_WEAK = YES;
				CLANG_WARN_BLOCK_CAPTURE_AUTORELEASING = YES;
				CLANG_WARN_BOOL_CONVERSION = YES;
				CLANG_WARN_COMMA = YES;
				CLANG_WARN_CONSTANT_CONVERSION = YES;
				CLANG_WARN_DEPRECATED_OBJC_IMPLEMENTATIONS = YES;
				CLANG_WARN_DIRECT_OBJC_ISA_USAGE = YES_ERROR;
				CLANG_WARN_DOCUMENTATION_COMMENTS = YES;
				CLANG_WARN_EMPTY_BODY = YES;
				CLANG_WARN_ENUM_CONVERSION = YES;
				CLANG_WARN_INFINITE_RECURSION = YES;
				CLANG_WARN_INT_CONVERSION = YES;
				CLANG_WARN_NON_LITERAL_NULL_CONVERSION = YES;
				CLANG_WARN_OBJC_IMPLICIT_RETAIN_SELF = YES;
				CLANG_WARN_OBJC_LITERAL_CONVERSION = YES;
				CLANG_WARN_OBJC_ROOT_CLASS = YES_ERROR;
				CLANG_WARN_QUOTED_INCLUDE_IN_FRAMEWORK_HEADER = YES;
				CLANG_WARN_RANGE_LOOP_ANALYSIS = YES;
				CLANG_WARN_STRICT_PROTOTYPES = YES;
				CLANG_WARN_SUSPICIOUS_MOVE = YES;
				CLANG_WARN_UNGUARDED_AVAILABILITY = YES_AGGRESSIVE;
				CLANG_WARN_UNREACHABLE_CODE = YES;
				CLANG_WARN__DUPLICATE_METHOD_MATCH = YES;
				COPY_PHASE_STRIP = NO;
				DEBUG_INFORMATION_FORMAT = "dwarf-with-dsym";
				ENABLE_NS_ASSERTIONS = NO;
				ENABLE_STRICT_OBJC_MSGSEND = YES;
				GCC_C_LANGUAGE_STANDARD = gnu11;
				GCC_NO_COMMON_BLOCKS = YES;
				GCC_WARN_64_TO_32_BIT_CONVERSION = YES;
				GCC_WARN_ABOUT_RETURN_TYPE = YES_ERROR;
				GCC_WARN_UNDECLARED_SELECTOR = YES;
				GCC_WARN_UNINITIALIZED_AUTOS = YES_AGGRESSIVE;
				GCC_WARN_UNUSED_FUNCTION = YES;
				GCC_WARN_UNUSED_VARIABLE = YES;
				IPHONEOS_DEPLOYMENT_TARGET = 14.5;
				MTL_ENABLE_DEBUG_INFO = NO;
				MTL_FAST_MATH = YES;
				SDKROOT = iphoneos;
				SWIFT_COMPILATION_MODE = wholemodule;
				SWIFT_OPTIMIZATION_LEVEL = "-O";
				VALIDATE_PRODUCT = YES;
			};
			name = Release;
		};
		6C85B28026F9E975003ECBD8 /* Debug */ = {
			isa = XCBuildConfiguration;
			buildSettings = {
				ASSETCATALOG_COMPILER_APPICON_NAME = AppIcon;
				ASSETCATALOG_COMPILER_GLOBAL_ACCENT_COLOR_NAME = AccentColor;
				CODE_SIGN_STYLE = Automatic;
				DEVELOPMENT_ASSET_PATHS = "\"Developer/Preview Content\"";
				DEVELOPMENT_TEAM = 35W7TZ9DUM;
				ENABLE_PREVIEWS = YES;
				INFOPLIST_FILE = Developer/Info.plist;
				IPHONEOS_DEPLOYMENT_TARGET = 14.0;
				LD_RUNPATH_SEARCH_PATHS = (
					"$(inherited)",
					"@executable_path/Frameworks",
				);
				PRODUCT_BUNDLE_IDENTIFIER = com.paigeshin.Developer;
				PRODUCT_NAME = "$(TARGET_NAME)";
				SWIFT_VERSION = 5.0;
				TARGETED_DEVICE_FAMILY = "1,2";
			};
			name = Debug;
		};
		6C85B28126F9E975003ECBD8 /* Release */ = {
			isa = XCBuildConfiguration;
			buildSettings = {
				ASSETCATALOG_COMPILER_APPICON_NAME = AppIcon;
				ASSETCATALOG_COMPILER_GLOBAL_ACCENT_COLOR_NAME = AccentColor;
				CODE_SIGN_STYLE = Automatic;
				DEVELOPMENT_ASSET_PATHS = "\"Developer/Preview Content\"";
				DEVELOPMENT_TEAM = 35W7TZ9DUM;
				ENABLE_PREVIEWS = YES;
				INFOPLIST_FILE = Developer/Info.plist;
				IPHONEOS_DEPLOYMENT_TARGET = 14.0;
				LD_RUNPATH_SEARCH_PATHS = (
					"$(inherited)",
					"@executable_path/Frameworks",
				);
				PRODUCT_BUNDLE_IDENTIFIER = com.paigeshin.Developer;
				PRODUCT_NAME = "$(TARGET_NAME)";
				SWIFT_VERSION = 5.0;
				TARGETED_DEVICE_FAMILY = "1,2";
			};
			name = Release;
		};
		6C85B29726F9EF30003ECBD8 /* Debug */ = {
			isa = XCBuildConfiguration;
			buildSettings = {
				ASSETCATALOG_COMPILER_APPICON_NAME = "iMessage App Icon";
				CODE_SIGN_STYLE = Automatic;
				DEVELOPMENT_TEAM = 35W7TZ9DUM;
				INFOPLIST_FILE = stickers/Info.plist;
				IPHONEOS_DEPLOYMENT_TARGET = 10.0;
				PRODUCT_BUNDLE_IDENTIFIER = com.paigeshin.Developer.stickers;
				PRODUCT_NAME = "$(TARGET_NAME)";
				SKIP_INSTALL = YES;
				TARGETED_DEVICE_FAMILY = "1,2";
			};
			name = Debug;
		};
		6C85B29826F9EF30003ECBD8 /* Release */ = {
			isa = XCBuildConfiguration;
			buildSettings = {
				ASSETCATALOG_COMPILER_APPICON_NAME = "iMessage App Icon";
				CODE_SIGN_STYLE = Automatic;
				DEVELOPMENT_TEAM = 35W7TZ9DUM;
				INFOPLIST_FILE = stickers/Info.plist;
				IPHONEOS_DEPLOYMENT_TARGET = 10.0;
				PRODUCT_BUNDLE_IDENTIFIER = com.paigeshin.Developer.stickers;
				PRODUCT_NAME = "$(TARGET_NAME)";
				SKIP_INSTALL = YES;
				TARGETED_DEVICE_FAMILY = "1,2";
			};
			name = Release;
		};
/* End XCBuildConfiguration section */

/* Begin XCConfigurationList section */
		6C85B26B26F9E973003ECBD8 /* Build configuration list for PBXProject "Developer" */ = {
			isa = XCConfigurationList;
			buildConfigurations = (
				6C85B27D26F9E975003ECBD8 /* Debug */,
				6C85B27E26F9E975003ECBD8 /* Release */,
			);
			defaultConfigurationIsVisible = 0;
			defaultConfigurationName = Release;
		};
		6C85B27F26F9E975003ECBD8 /* Build configuration list for PBXNativeTarget "Developer" */ = {
			isa = XCConfigurationList;
			buildConfigurations = (
				6C85B28026F9E975003ECBD8 /* Debug */,
				6C85B28126F9E975003ECBD8 /* Release */,
			);
			defaultConfigurationIsVisible = 0;
			defaultConfigurationName = Release;
		};
		6C85B29626F9EF30003ECBD8 /* Build configuration list for PBXNativeTarget "stickers" */ = {
			isa = XCConfigurationList;
			buildConfigurations = (
				6C85B29726F9EF30003ECBD8 /* Debug */,
				6C85B29826F9EF30003ECBD8 /* Release */,
			);
			defaultConfigurationIsVisible = 0;
			defaultConfigurationName = Release;
		};
/* End XCConfigurationList section */
	};
	rootObject = 6C85B26826F9E973003ECBD8 /* Project object */;
}
